// !$*UTF8*$!
{
	archiveVersion = 1;
	classes = {
	};
	objectVersion = 50;
	objects = {

/* Begin PBXBuildFile section */
		24BC57B320FD83DE00002DB0 /* AppDelegate.swift in Sources */ = {isa = PBXBuildFile; fileRef = 24BC57B220FD83DE00002DB0 /* AppDelegate.swift */; };
		24BC57B520FD83DE00002DB0 /* ViewController.swift in Sources */ = {isa = PBXBuildFile; fileRef = 24BC57B420FD83DE00002DB0 /* ViewController.swift */; };
		24BC57B820FD83DE00002DB0 /* Main.storyboard in Resources */ = {isa = PBXBuildFile; fileRef = 24BC57B620FD83DE00002DB0 /* Main.storyboard */; };
		24BC57BA20FD83E100002DB0 /* Assets.xcassets in Resources */ = {isa = PBXBuildFile; fileRef = 24BC57B920FD83E100002DB0 /* Assets.xcassets */; };
		24BC57BD20FD83E100002DB0 /* LaunchScreen.storyboard in Resources */ = {isa = PBXBuildFile; fileRef = 24BC57BB20FD83E100002DB0 /* LaunchScreen.storyboard */; };
		24BC57C720FD842400002DB0 /* Reachability.m in Sources */ = {isa = PBXBuildFile; fileRef = 24BC57C520FD842400002DB0 /* Reachability.m */; };
		24BC57CA20FD844600002DB0 /* UIImageView+Download.swift in Sources */ = {isa = PBXBuildFile; fileRef = 24BC57C820FD844600002DB0 /* UIImageView+Download.swift */; };
		24BC57CB20FD844600002DB0 /* UIImage+Resize.swift in Sources */ = {isa = PBXBuildFile; fileRef = 24BC57C920FD844600002DB0 /* UIImage+Resize.swift */; };
		930FC19D210ACB5A00C27FC1 /* LoginViewController.swift in Sources */ = {isa = PBXBuildFile; fileRef = 930FC19C210ACB5A00C27FC1 /* LoginViewController.swift */; };
		930FC19F210ACB7100C27FC1 /* LoginStoryboard.storyboard in Resources */ = {isa = PBXBuildFile; fileRef = 930FC19E210ACB7100C27FC1 /* LoginStoryboard.storyboard */; };
		931B49252112E7A100A8CCB9 /* ClassSelecttViewController.swift in Sources */ = {isa = PBXBuildFile; fileRef = 931B49242112E7A100A8CCB9 /* ClassSelecttViewController.swift */; };
		931B49272112F59800A8CCB9 /* CoolCellTableViewCell.swift in Sources */ = {isa = PBXBuildFile; fileRef = 931B49262112F59800A8CCB9 /* CoolCellTableViewCell.swift */; };
		9334CBBC2111560C00D7BE6F /* Common.swift in Sources */ = {isa = PBXBuildFile; fileRef = 9334CBBB2111560C00D7BE6F /* Common.swift */; };
		9334CBBE2111563200D7BE6F /* Communicator.swift in Sources */ = {isa = PBXBuildFile; fileRef = 9334CBBD2111563200D7BE6F /* Communicator.swift */; };
		9334CBC02111565F00D7BE6F /* Account.swift in Sources */ = {isa = PBXBuildFile; fileRef = 9334CBBF2111565F00D7BE6F /* Account.swift */; };
		9334CBC22111566D00D7BE6F /* Action.swift in Sources */ = {isa = PBXBuildFile; fileRef = 9334CBC12111566D00D7BE6F /* Action.swift */; };
		9334CBC7211182A200D7BE6F /* ClassList.swift in Sources */ = {isa = PBXBuildFile; fileRef = 9334CBC6211182A200D7BE6F /* ClassList.swift */; };
		9334CBCD2111A26F00D7BE6F /* Corner.swift in Sources */ = {isa = PBXBuildFile; fileRef = 9334CBCC2111A26F00D7BE6F /* Corner.swift */; };
		9334CBD32112AF0300D7BE6F /* RegisterViewController.swift in Sources */ = {isa = PBXBuildFile; fileRef = 9334CBD22112AF0300D7BE6F /* RegisterViewController.swift */; };
		C02BACB6211849DD002A8BF3 /* ClassCell.swift in Sources */ = {isa = PBXBuildFile; fileRef = C02BACA2211849DD002A8BF3 /* ClassCell.swift */; };
		C02BACB7211849DD002A8BF3 /* add1.png in Resources */ = {isa = PBXBuildFile; fileRef = C02BACA3211849DD002A8BF3 /* add1.png */; };
		C02BACB8211849DD002A8BF3 /* ClassTVC.swift in Sources */ = {isa = PBXBuildFile; fileRef = C02BACA4211849DD002A8BF3 /* ClassTVC.swift */; };
		C02BACB9211849DD002A8BF3 /* CreateClassViewController.swift in Sources */ = {isa = PBXBuildFile; fileRef = C02BACA5211849DD002A8BF3 /* CreateClassViewController.swift */; };
		C02BACBA211849DD002A8BF3 /* CreateSubjectTVC.swift in Sources */ = {isa = PBXBuildFile; fileRef = C02BACA6211849DD002A8BF3 /* CreateSubjectTVC.swift */; };
		C02BACBB211849DD002A8BF3 /* ClassJoin:Create.swift in Sources */ = {isa = PBXBuildFile; fileRef = C02BACA7211849DD002A8BF3 /* ClassJoin:Create.swift */; };
		C02BACBC211849DD002A8BF3 /* examSubject.txt in Resources */ = {isa = PBXBuildFile; fileRef = C02BACA8211849DD002A8BF3 /* examSubject.txt */; };
		C02BACBD211849DD002A8BF3 /* BoHan.storyboard in Resources */ = {isa = PBXBuildFile; fileRef = C02BACA9211849DD002A8BF3 /* BoHan.storyboard */; };
		C02BACBE211849DD002A8BF3 /* Cell.swift in Sources */ = {isa = PBXBuildFile; fileRef = C02BACAB211849DD002A8BF3 /* Cell.swift */; };
		C02BACBF211849DD002A8BF3 /* FirstViewController.swift in Sources */ = {isa = PBXBuildFile; fileRef = C02BACAC211849DD002A8BF3 /* FirstViewController.swift */; };
		C02BACC0211849DD002A8BF3 /* LoginScoreTVC.swift in Sources */ = {isa = PBXBuildFile; fileRef = C02BACAD211849DD002A8BF3 /* LoginScoreTVC.swift */; };
		C02BACC1211849DD002A8BF3 /* UpdateScoreTVC.swift in Sources */ = {isa = PBXBuildFile; fileRef = C02BACAE211849DD002A8BF3 /* UpdateScoreTVC.swift */; };
		C02BACC2211849DD002A8BF3 /* ExamSubjectTVC.swift in Sources */ = {isa = PBXBuildFile; fileRef = C02BACAF211849DD002A8BF3 /* ExamSubjectTVC.swift */; };
		C02BACC3211849DD002A8BF3 /* analysis.png in Resources */ = {isa = PBXBuildFile; fileRef = C02BACB0211849DD002A8BF3 /* analysis.png */; };
		C02BACC4211849DD002A8BF3 /* UpdateExamTVC.swift in Sources */ = {isa = PBXBuildFile; fileRef = C02BACB1211849DD002A8BF3 /* UpdateExamTVC.swift */; };
		C02BACC5211849DD002A8BF3 /* Color.swift in Sources */ = {isa = PBXBuildFile; fileRef = C02BACB2211849DD002A8BF3 /* Color.swift */; };
		C02BACC6211849DD002A8BF3 /* JoinClassTVC.swift in Sources */ = {isa = PBXBuildFile; fileRef = C02BACB3211849DD002A8BF3 /* JoinClassTVC.swift */; };
		C02BACC7211849DD002A8BF3 /* TabBarController.swift in Sources */ = {isa = PBXBuildFile; fileRef = C02BACB4211849DD002A8BF3 /* TabBarController.swift */; };
		C02BACC8211849DD002A8BF3 /* ic_mode_edit_white_24dp.png in Resources */ = {isa = PBXBuildFile; fileRef = C02BACB5211849DD002A8BF3 /* ic_mode_edit_white_24dp.png */; };
		C02BACE1211849E2002A8BF3 /* StudentInfoEditTableViewController.swift in Sources */ = {isa = PBXBuildFile; fileRef = C02BACCB211849E2002A8BF3 /* StudentInfoEditTableViewController.swift */; };
		C02BACE2211849E2002A8BF3 /* StudentHomeworkTableViewController.swift in Sources */ = {isa = PBXBuildFile; fileRef = C02BACCC211849E2002A8BF3 /* StudentHomeworkTableViewController.swift */; };
		C02BACE3211849E2002A8BF3 /* StudentHomeworkDetailTableViewController.swift in Sources */ = {isa = PBXBuildFile; fileRef = C02BACCD211849E2002A8BF3 /* StudentHomeworkDetailTableViewController.swift */; };
		C02BACE4211849E2002A8BF3 /* StudentInfoTableViewController.swift in Sources */ = {isa = PBXBuildFile; fileRef = C02BACCE211849E2002A8BF3 /* StudentInfoTableViewController.swift */; };
		C02BACE5211849E2002A8BF3 /* MingTaCommon.swift in Sources */ = {isa = PBXBuildFile; fileRef = C02BACD0211849E2002A8BF3 /* MingTaCommon.swift */; };
		C02BACE6211849E2002A8BF3 /* HomeworkSectionHeaderCell.swift in Sources */ = {isa = PBXBuildFile; fileRef = C02BACD1211849E2002A8BF3 /* HomeworkSectionHeaderCell.swift */; };
		C02BACE7211849E2002A8BF3 /* MingTaCommunicator.swift in Sources */ = {isa = PBXBuildFile; fileRef = C02BACD2211849E2002A8BF3 /* MingTaCommunicator.swift */; };
		C02BACE8211849E2002A8BF3 /* HomeworkDetailTableViewCell.swift in Sources */ = {isa = PBXBuildFile; fileRef = C02BACD3211849E2002A8BF3 /* HomeworkDetailTableViewCell.swift */; };
		C02BACE9211849E2002A8BF3 /* HomeworkCheckTableViewCell.swift in Sources */ = {isa = PBXBuildFile; fileRef = C02BACD4211849E2002A8BF3 /* HomeworkCheckTableViewCell.swift */; };
		C02BACEA211849E2002A8BF3 /* MingTaStoryboard.storyboard in Resources */ = {isa = PBXBuildFile; fileRef = C02BACD5211849E2002A8BF3 /* MingTaStoryboard.storyboard */; };
		C02BACEB211849E2002A8BF3 /* Homework.swift in Sources */ = {isa = PBXBuildFile; fileRef = C02BACD7211849E2002A8BF3 /* Homework.swift */; };
		C02BACEC211849E2002A8BF3 /* HomeworkIsDone.swift in Sources */ = {isa = PBXBuildFile; fileRef = C02BACD8211849E2002A8BF3 /* HomeworkIsDone.swift */; };
		C02BACED211849E2002A8BF3 /* HomeworkCheck.swift in Sources */ = {isa = PBXBuildFile; fileRef = C02BACD9211849E2002A8BF3 /* HomeworkCheck.swift */; };
		C02BACEE211849E2002A8BF3 /* Student.swift in Sources */ = {isa = PBXBuildFile; fileRef = C02BACDA211849E2002A8BF3 /* Student.swift */; };
		C02BACEF211849E2002A8BF3 /* TeacherHomeworkUpdateTableViewController.swift in Sources */ = {isa = PBXBuildFile; fileRef = C02BACDC211849E2002A8BF3 /* TeacherHomeworkUpdateTableViewController.swift */; };
		C02BACF0211849E2002A8BF3 /* TeacherHomeworkCheckTableViewController.swift in Sources */ = {isa = PBXBuildFile; fileRef = C02BACDD211849E2002A8BF3 /* TeacherHomeworkCheckTableViewController.swift */; };
		C02BACF1211849E2002A8BF3 /* TeacherHomeworkTableViewController.swift in Sources */ = {isa = PBXBuildFile; fileRef = C02BACDE211849E2002A8BF3 /* TeacherHomeworkTableViewController.swift */; };
		C02BACF2211849E2002A8BF3 /* TeacherHomeworkContainerViewController.swift in Sources */ = {isa = PBXBuildFile; fileRef = C02BACDF211849E2002A8BF3 /* TeacherHomeworkContainerViewController.swift */; };
		C02BACF3211849E2002A8BF3 /* TeacherHomeworkInsertTableViewController.swift in Sources */ = {isa = PBXBuildFile; fileRef = C02BACE0211849E2002A8BF3 /* TeacherHomeworkInsertTableViewController.swift */; };
		C02BACF6211849EA002A8BF3 /* StudentStoryboard.storyboard in Resources */ = {isa = PBXBuildFile; fileRef = C02BACF4211849EA002A8BF3 /* StudentStoryboard.storyboard */; };
		C02BACF7211849EA002A8BF3 /* TeacherStoryboard.storyboard in Resources */ = {isa = PBXBuildFile; fileRef = C02BACF5211849EA002A8BF3 /* TeacherStoryboard.storyboard */; };
/* End PBXBuildFile section */

/* Begin PBXFileReference section */
		24BC57AF20FD83DE00002DB0 /* ProjectCP101005Swift.app */ = {isa = PBXFileReference; explicitFileType = wrapper.application; includeInIndex = 0; path = ProjectCP101005Swift.app; sourceTree = BUILT_PRODUCTS_DIR; };
		24BC57B220FD83DE00002DB0 /* AppDelegate.swift */ = {isa = PBXFileReference; lastKnownFileType = sourcecode.swift; path = AppDelegate.swift; sourceTree = "<group>"; };
		24BC57B420FD83DE00002DB0 /* ViewController.swift */ = {isa = PBXFileReference; lastKnownFileType = sourcecode.swift; path = ViewController.swift; sourceTree = "<group>"; };
		24BC57B720FD83DE00002DB0 /* Base */ = {isa = PBXFileReference; lastKnownFileType = file.storyboard; name = Base; path = Base.lproj/Main.storyboard; sourceTree = "<group>"; };
		24BC57B920FD83E100002DB0 /* Assets.xcassets */ = {isa = PBXFileReference; lastKnownFileType = folder.assetcatalog; path = Assets.xcassets; sourceTree = "<group>"; };
		24BC57BC20FD83E100002DB0 /* Base */ = {isa = PBXFileReference; lastKnownFileType = file.storyboard; name = Base; path = Base.lproj/LaunchScreen.storyboard; sourceTree = "<group>"; };
		24BC57BE20FD83E100002DB0 /* Info.plist */ = {isa = PBXFileReference; lastKnownFileType = text.plist.xml; path = Info.plist; sourceTree = "<group>"; };
		24BC57C420FD842300002DB0 /* ProjectCP101005Swift-Bridging-Header.h */ = {isa = PBXFileReference; lastKnownFileType = sourcecode.c.h; path = "ProjectCP101005Swift-Bridging-Header.h"; sourceTree = "<group>"; };
		24BC57C520FD842400002DB0 /* Reachability.m */ = {isa = PBXFileReference; fileEncoding = 4; lastKnownFileType = sourcecode.c.objc; path = Reachability.m; sourceTree = "<group>"; };
		24BC57C620FD842400002DB0 /* Reachability.h */ = {isa = PBXFileReference; fileEncoding = 4; lastKnownFileType = sourcecode.c.h; path = Reachability.h; sourceTree = "<group>"; };
		24BC57C820FD844600002DB0 /* UIImageView+Download.swift */ = {isa = PBXFileReference; fileEncoding = 4; lastKnownFileType = sourcecode.swift; path = "UIImageView+Download.swift"; sourceTree = "<group>"; };
		24BC57C920FD844600002DB0 /* UIImage+Resize.swift */ = {isa = PBXFileReference; fileEncoding = 4; lastKnownFileType = sourcecode.swift; path = "UIImage+Resize.swift"; sourceTree = "<group>"; };
		930FC19C210ACB5A00C27FC1 /* LoginViewController.swift */ = {isa = PBXFileReference; lastKnownFileType = sourcecode.swift; path = LoginViewController.swift; sourceTree = "<group>"; };
		930FC19E210ACB7100C27FC1 /* LoginStoryboard.storyboard */ = {isa = PBXFileReference; lastKnownFileType = file.storyboard; path = LoginStoryboard.storyboard; sourceTree = "<group>"; };
		931B49242112E7A100A8CCB9 /* ClassSelecttViewController.swift */ = {isa = PBXFileReference; lastKnownFileType = sourcecode.swift; path = ClassSelecttViewController.swift; sourceTree = "<group>"; };
		931B49262112F59800A8CCB9 /* CoolCellTableViewCell.swift */ = {isa = PBXFileReference; lastKnownFileType = sourcecode.swift; path = CoolCellTableViewCell.swift; sourceTree = "<group>"; };
		9334CBBB2111560C00D7BE6F /* Common.swift */ = {isa = PBXFileReference; lastKnownFileType = sourcecode.swift; path = Common.swift; sourceTree = "<group>"; };
		9334CBBD2111563200D7BE6F /* Communicator.swift */ = {isa = PBXFileReference; lastKnownFileType = sourcecode.swift; path = Communicator.swift; sourceTree = "<group>"; };
		9334CBBF2111565F00D7BE6F /* Account.swift */ = {isa = PBXFileReference; lastKnownFileType = sourcecode.swift; path = Account.swift; sourceTree = "<group>"; };
		9334CBC12111566D00D7BE6F /* Action.swift */ = {isa = PBXFileReference; lastKnownFileType = sourcecode.swift; path = Action.swift; sourceTree = "<group>"; };
		9334CBC6211182A200D7BE6F /* ClassList.swift */ = {isa = PBXFileReference; lastKnownFileType = sourcecode.swift; path = ClassList.swift; sourceTree = "<group>"; };
		9334CBCC2111A26F00D7BE6F /* Corner.swift */ = {isa = PBXFileReference; lastKnownFileType = sourcecode.swift; path = Corner.swift; sourceTree = "<group>"; };
		9334CBD22112AF0300D7BE6F /* RegisterViewController.swift */ = {isa = PBXFileReference; lastKnownFileType = sourcecode.swift; path = RegisterViewController.swift; sourceTree = "<group>"; };
		C02BACA2211849DD002A8BF3 /* ClassCell.swift */ = {isa = PBXFileReference; fileEncoding = 4; lastKnownFileType = sourcecode.swift; path = ClassCell.swift; sourceTree = "<group>"; };
		C02BACA3211849DD002A8BF3 /* add1.png */ = {isa = PBXFileReference; lastKnownFileType = image.png; path = add1.png; sourceTree = "<group>"; };
		C02BACA4211849DD002A8BF3 /* ClassTVC.swift */ = {isa = PBXFileReference; fileEncoding = 4; lastKnownFileType = sourcecode.swift; path = ClassTVC.swift; sourceTree = "<group>"; };
		C02BACA5211849DD002A8BF3 /* CreateClassViewController.swift */ = {isa = PBXFileReference; fileEncoding = 4; lastKnownFileType = sourcecode.swift; path = CreateClassViewController.swift; sourceTree = "<group>"; };
		C02BACA6211849DD002A8BF3 /* CreateSubjectTVC.swift */ = {isa = PBXFileReference; fileEncoding = 4; lastKnownFileType = sourcecode.swift; path = CreateSubjectTVC.swift; sourceTree = "<group>"; };
		C02BACA7211849DD002A8BF3 /* ClassJoin:Create.swift */ = {isa = PBXFileReference; fileEncoding = 4; lastKnownFileType = sourcecode.swift; path = "ClassJoin:Create.swift"; sourceTree = "<group>"; };
		C02BACA8211849DD002A8BF3 /* examSubject.txt */ = {isa = PBXFileReference; fileEncoding = 4; lastKnownFileType = text; path = examSubject.txt; sourceTree = "<group>"; };
		C02BACA9211849DD002A8BF3 /* BoHan.storyboard */ = {isa = PBXFileReference; fileEncoding = 4; lastKnownFileType = file.storyboard; path = BoHan.storyboard; sourceTree = "<group>"; };
		C02BACAB211849DD002A8BF3 /* Cell.swift */ = {isa = PBXFileReference; fileEncoding = 4; lastKnownFileType = sourcecode.swift; path = Cell.swift; sourceTree = "<group>"; };
		C02BACAC211849DD002A8BF3 /* FirstViewController.swift */ = {isa = PBXFileReference; fileEncoding = 4; lastKnownFileType = sourcecode.swift; path = FirstViewController.swift; sourceTree = "<group>"; };
		C02BACAD211849DD002A8BF3 /* LoginScoreTVC.swift */ = {isa = PBXFileReference; fileEncoding = 4; lastKnownFileType = sourcecode.swift; path = LoginScoreTVC.swift; sourceTree = "<group>"; };
		C02BACAE211849DD002A8BF3 /* UpdateScoreTVC.swift */ = {isa = PBXFileReference; fileEncoding = 4; lastKnownFileType = sourcecode.swift; path = UpdateScoreTVC.swift; sourceTree = "<group>"; };
		C02BACAF211849DD002A8BF3 /* ExamSubjectTVC.swift */ = {isa = PBXFileReference; fileEncoding = 4; lastKnownFileType = sourcecode.swift; path = ExamSubjectTVC.swift; sourceTree = "<group>"; };
		C02BACB0211849DD002A8BF3 /* analysis.png */ = {isa = PBXFileReference; lastKnownFileType = image.png; path = analysis.png; sourceTree = "<group>"; };
		C02BACB1211849DD002A8BF3 /* UpdateExamTVC.swift */ = {isa = PBXFileReference; fileEncoding = 4; lastKnownFileType = sourcecode.swift; path = UpdateExamTVC.swift; sourceTree = "<group>"; };
		C02BACB2211849DD002A8BF3 /* Color.swift */ = {isa = PBXFileReference; fileEncoding = 4; lastKnownFileType = sourcecode.swift; path = Color.swift; sourceTree = "<group>"; };
		C02BACB3211849DD002A8BF3 /* JoinClassTVC.swift */ = {isa = PBXFileReference; fileEncoding = 4; lastKnownFileType = sourcecode.swift; path = JoinClassTVC.swift; sourceTree = "<group>"; };
		C02BACB4211849DD002A8BF3 /* TabBarController.swift */ = {isa = PBXFileReference; fileEncoding = 4; lastKnownFileType = sourcecode.swift; path = TabBarController.swift; sourceTree = "<group>"; };
		C02BACB5211849DD002A8BF3 /* ic_mode_edit_white_24dp.png */ = {isa = PBXFileReference; lastKnownFileType = image.png; path = ic_mode_edit_white_24dp.png; sourceTree = "<group>"; };
		C02BACCB211849E2002A8BF3 /* StudentInfoEditTableViewController.swift */ = {isa = PBXFileReference; fileEncoding = 4; lastKnownFileType = sourcecode.swift; path = StudentInfoEditTableViewController.swift; sourceTree = "<group>"; };
		C02BACCC211849E2002A8BF3 /* StudentHomeworkTableViewController.swift */ = {isa = PBXFileReference; fileEncoding = 4; lastKnownFileType = sourcecode.swift; path = StudentHomeworkTableViewController.swift; sourceTree = "<group>"; };
		C02BACCD211849E2002A8BF3 /* StudentHomeworkDetailTableViewController.swift */ = {isa = PBXFileReference; fileEncoding = 4; lastKnownFileType = sourcecode.swift; path = StudentHomeworkDetailTableViewController.swift; sourceTree = "<group>"; };
		C02BACCE211849E2002A8BF3 /* StudentInfoTableViewController.swift */ = {isa = PBXFileReference; fileEncoding = 4; lastKnownFileType = sourcecode.swift; path = StudentInfoTableViewController.swift; sourceTree = "<group>"; };
		C02BACD0211849E2002A8BF3 /* MingTaCommon.swift */ = {isa = PBXFileReference; fileEncoding = 4; lastKnownFileType = sourcecode.swift; path = MingTaCommon.swift; sourceTree = "<group>"; };
		C02BACD1211849E2002A8BF3 /* HomeworkSectionHeaderCell.swift */ = {isa = PBXFileReference; fileEncoding = 4; lastKnownFileType = sourcecode.swift; path = HomeworkSectionHeaderCell.swift; sourceTree = "<group>"; };
		C02BACD2211849E2002A8BF3 /* MingTaCommunicator.swift */ = {isa = PBXFileReference; fileEncoding = 4; lastKnownFileType = sourcecode.swift; path = MingTaCommunicator.swift; sourceTree = "<group>"; };
		C02BACD3211849E2002A8BF3 /* HomeworkDetailTableViewCell.swift */ = {isa = PBXFileReference; fileEncoding = 4; lastKnownFileType = sourcecode.swift; path = HomeworkDetailTableViewCell.swift; sourceTree = "<group>"; };
		C02BACD4211849E2002A8BF3 /* HomeworkCheckTableViewCell.swift */ = {isa = PBXFileReference; fileEncoding = 4; lastKnownFileType = sourcecode.swift; path = HomeworkCheckTableViewCell.swift; sourceTree = "<group>"; };
		C02BACD5211849E2002A8BF3 /* MingTaStoryboard.storyboard */ = {isa = PBXFileReference; fileEncoding = 4; lastKnownFileType = file.storyboard; path = MingTaStoryboard.storyboard; sourceTree = "<group>"; };
		C02BACD7211849E2002A8BF3 /* Homework.swift */ = {isa = PBXFileReference; fileEncoding = 4; lastKnownFileType = sourcecode.swift; path = Homework.swift; sourceTree = "<group>"; };
		C02BACD8211849E2002A8BF3 /* HomeworkIsDone.swift */ = {isa = PBXFileReference; fileEncoding = 4; lastKnownFileType = sourcecode.swift; path = HomeworkIsDone.swift; sourceTree = "<group>"; };
		C02BACD9211849E2002A8BF3 /* HomeworkCheck.swift */ = {isa = PBXFileReference; fileEncoding = 4; lastKnownFileType = sourcecode.swift; path = HomeworkCheck.swift; sourceTree = "<group>"; };
		C02BACDA211849E2002A8BF3 /* Student.swift */ = {isa = PBXFileReference; fileEncoding = 4; lastKnownFileType = sourcecode.swift; path = Student.swift; sourceTree = "<group>"; };
		C02BACDC211849E2002A8BF3 /* TeacherHomeworkUpdateTableViewController.swift */ = {isa = PBXFileReference; fileEncoding = 4; lastKnownFileType = sourcecode.swift; path = TeacherHomeworkUpdateTableViewController.swift; sourceTree = "<group>"; };
		C02BACDD211849E2002A8BF3 /* TeacherHomeworkCheckTableViewController.swift */ = {isa = PBXFileReference; fileEncoding = 4; lastKnownFileType = sourcecode.swift; path = TeacherHomeworkCheckTableViewController.swift; sourceTree = "<group>"; };
		C02BACDE211849E2002A8BF3 /* TeacherHomeworkTableViewController.swift */ = {isa = PBXFileReference; fileEncoding = 4; lastKnownFileType = sourcecode.swift; path = TeacherHomeworkTableViewController.swift; sourceTree = "<group>"; };
		C02BACDF211849E2002A8BF3 /* TeacherHomeworkContainerViewController.swift */ = {isa = PBXFileReference; fileEncoding = 4; lastKnownFileType = sourcecode.swift; path = TeacherHomeworkContainerViewController.swift; sourceTree = "<group>"; };
		C02BACE0211849E2002A8BF3 /* TeacherHomeworkInsertTableViewController.swift */ = {isa = PBXFileReference; fileEncoding = 4; lastKnownFileType = sourcecode.swift; path = TeacherHomeworkInsertTableViewController.swift; sourceTree = "<group>"; };
		C02BACF4211849EA002A8BF3 /* StudentStoryboard.storyboard */ = {isa = PBXFileReference; fileEncoding = 4; lastKnownFileType = file.storyboard; name = StudentStoryboard.storyboard; path = "../../../../Library/Autosave Information/ProjectCP101005Swift/ProjectCP101005Swift/StudentStoryboard.storyboard"; sourceTree = "<group>"; };
		C02BACF5211849EA002A8BF3 /* TeacherStoryboard.storyboard */ = {isa = PBXFileReference; fileEncoding = 4; lastKnownFileType = file.storyboard; name = TeacherStoryboard.storyboard; path = "../../../../Library/Autosave Information/ProjectCP101005Swift/ProjectCP101005Swift/TeacherStoryboard.storyboard"; sourceTree = "<group>"; };
/* End PBXFileReference section */

/* Begin PBXFrameworksBuildPhase section */
		24BC57AC20FD83DE00002DB0 /* Frameworks */ = {
			isa = PBXFrameworksBuildPhase;
			buildActionMask = 2147483647;
			files = (
			);
			runOnlyForDeploymentPostprocessing = 0;
		};
/* End PBXFrameworksBuildPhase section */

/* Begin PBXGroup section */
		24BC57A620FD83DE00002DB0 = {
			isa = PBXGroup;
			children = (
				24BC57B120FD83DE00002DB0 /* ProjectCP101005Swift */,
				24BC57B020FD83DE00002DB0 /* Products */,
			);
			sourceTree = "<group>";
		};
		24BC57B020FD83DE00002DB0 /* Products */ = {
			isa = PBXGroup;
			children = (
				24BC57AF20FD83DE00002DB0 /* ProjectCP101005Swift.app */,
			);
			name = Products;
			sourceTree = "<group>";
		};
		24BC57B120FD83DE00002DB0 /* ProjectCP101005Swift */ = {
			isa = PBXGroup;
			children = (
				C02BACC9211849E2002A8BF3 /* MingTa */,
				C02BACA0211849DD002A8BF3 /* BoHan */,
				9334CBC52111825500D7BE6F /* ClassList */,
				930FC19B210ACB1A00C27FC1 /* Login */,
				24BC57CC20FD845200002DB0 /* New Group */,
				24BC57C620FD842400002DB0 /* Reachability.h */,
				24BC57C520FD842400002DB0 /* Reachability.m */,
				24BC57B220FD83DE00002DB0 /* AppDelegate.swift */,
				24BC57B420FD83DE00002DB0 /* ViewController.swift */,
				24BC57B620FD83DE00002DB0 /* Main.storyboard */,
				C02BACF4211849EA002A8BF3 /* StudentStoryboard.storyboard */,
				C02BACF5211849EA002A8BF3 /* TeacherStoryboard.storyboard */,
				24BC57B920FD83E100002DB0 /* Assets.xcassets */,
				24BC57BB20FD83E100002DB0 /* LaunchScreen.storyboard */,
				24BC57BE20FD83E100002DB0 /* Info.plist */,
				24BC57C420FD842300002DB0 /* ProjectCP101005Swift-Bridging-Header.h */,
			);
			path = ProjectCP101005Swift;
			sourceTree = "<group>";
		};
		24BC57CC20FD845200002DB0 /* New Group */ = {
			isa = PBXGroup;
			children = (
				24BC57CD20FD845F00002DB0 /* CommonParts */,
			);
			path = "New Group";
			sourceTree = "<group>";
		};
		24BC57CD20FD845F00002DB0 /* CommonParts */ = {
			isa = PBXGroup;
			children = (
				24BC57C920FD844600002DB0 /* UIImage+Resize.swift */,
				24BC57C820FD844600002DB0 /* UIImageView+Download.swift */,
			);
			path = CommonParts;
			sourceTree = "<group>";
		};
		930FC19B210ACB1A00C27FC1 /* Login */ = {
			isa = PBXGroup;
			children = (
				930FC19C210ACB5A00C27FC1 /* LoginViewController.swift */,
				930FC19E210ACB7100C27FC1 /* LoginStoryboard.storyboard */,
				9334CBD22112AF0300D7BE6F /* RegisterViewController.swift */,
				9334CBBB2111560C00D7BE6F /* Common.swift */,
				9334CBBD2111563200D7BE6F /* Communicator.swift */,
				9334CBBF2111565F00D7BE6F /* Account.swift */,
				9334CBC12111566D00D7BE6F /* Action.swift */,
			);
			path = Login;
			sourceTree = "<group>";
		};
		9334CBC52111825500D7BE6F /* ClassList */ = {
			isa = PBXGroup;
			children = (
				931B49262112F59800A8CCB9 /* CoolCellTableViewCell.swift */,
				931B49242112E7A100A8CCB9 /* ClassSelecttViewController.swift */,
				9334CBCC2111A26F00D7BE6F /* Corner.swift */,
				9334CBC6211182A200D7BE6F /* ClassList.swift */,
			);
			path = ClassList;
			sourceTree = "<group>";
		};
		C02BACA0211849DD002A8BF3 /* BoHan */ = {
			isa = PBXGroup;
			children = (
				C02BACA1211849DD002A8BF3 /* Cass */,
				C02BACA8211849DD002A8BF3 /* examSubject.txt */,
				C02BACA9211849DD002A8BF3 /* BoHan.storyboard */,
				C02BACAA211849DD002A8BF3 /* Exam */,
			);
			name = BoHan;
			path = "../../../../Library/Autosave Information/ProjectCP101005Swift/ProjectCP101005Swift/BoHan";
			sourceTree = "<group>";
		};
		C02BACA1211849DD002A8BF3 /* Cass */ = {
			isa = PBXGroup;
			children = (
				C02BACA2211849DD002A8BF3 /* ClassCell.swift */,
				C02BACA3211849DD002A8BF3 /* add1.png */,
				C02BACA4211849DD002A8BF3 /* ClassTVC.swift */,
				C02BACA5211849DD002A8BF3 /* CreateClassViewController.swift */,
				C02BACA6211849DD002A8BF3 /* CreateSubjectTVC.swift */,
				C02BACA7211849DD002A8BF3 /* ClassJoin:Create.swift */,
			);
			path = Cass;
			sourceTree = "<group>";
		};
		C02BACAA211849DD002A8BF3 /* Exam */ = {
			isa = PBXGroup;
			children = (
				C02BACAB211849DD002A8BF3 /* Cell.swift */,
				C02BACAC211849DD002A8BF3 /* FirstViewController.swift */,
				C02BACAD211849DD002A8BF3 /* LoginScoreTVC.swift */,
				C02BACAE211849DD002A8BF3 /* UpdateScoreTVC.swift */,
				C02BACAF211849DD002A8BF3 /* ExamSubjectTVC.swift */,
				C02BACB0211849DD002A8BF3 /* analysis.png */,
				C02BACB1211849DD002A8BF3 /* UpdateExamTVC.swift */,
				C02BACB2211849DD002A8BF3 /* Color.swift */,
				C02BACB3211849DD002A8BF3 /* JoinClassTVC.swift */,
				C02BACB4211849DD002A8BF3 /* TabBarController.swift */,
				C02BACB5211849DD002A8BF3 /* ic_mode_edit_white_24dp.png */,
			);
			path = Exam;
			sourceTree = "<group>";
		};
		C02BACC9211849E2002A8BF3 /* MingTa */ = {
			isa = PBXGroup;
			children = (
				C02BACCA211849E2002A8BF3 /* Student */,
				C02BACCF211849E2002A8BF3 /* Common */,
				C02BACD5211849E2002A8BF3 /* MingTaStoryboard.storyboard */,
				C02BACD6211849E2002A8BF3 /* DataSwift */,
				C02BACDB211849E2002A8BF3 /* Teacher */,
			);
			name = MingTa;
			path = "../../../../Library/Autosave Information/ProjectCP101005Swift/ProjectCP101005Swift/MingTa";
			sourceTree = "<group>";
		};
		C02BACCA211849E2002A8BF3 /* Student */ = {
			isa = PBXGroup;
			children = (
				C02BACCB211849E2002A8BF3 /* StudentInfoEditTableViewController.swift */,
				C02BACCC211849E2002A8BF3 /* StudentHomeworkTableViewController.swift */,
				C02BACCD211849E2002A8BF3 /* StudentHomeworkDetailTableViewController.swift */,
				C02BACCE211849E2002A8BF3 /* StudentInfoTableViewController.swift */,
			);
			path = Student;
			sourceTree = "<group>";
		};
		C02BACCF211849E2002A8BF3 /* Common */ = {
			isa = PBXGroup;
			children = (
				C02BACD0211849E2002A8BF3 /* MingTaCommon.swift */,
				C02BACD1211849E2002A8BF3 /* HomeworkSectionHeaderCell.swift */,
				C02BACD2211849E2002A8BF3 /* MingTaCommunicator.swift */,
				C02BACD3211849E2002A8BF3 /* HomeworkDetailTableViewCell.swift */,
				C02BACD4211849E2002A8BF3 /* HomeworkCheckTableViewCell.swift */,
			);
			path = Common;
			sourceTree = "<group>";
		};
		C02BACD6211849E2002A8BF3 /* DataSwift */ = {
			isa = PBXGroup;
			children = (
				C02BACD7211849E2002A8BF3 /* Homework.swift */,
				C02BACD8211849E2002A8BF3 /* HomeworkIsDone.swift */,
				C02BACD9211849E2002A8BF3 /* HomeworkCheck.swift */,
				C02BACDA211849E2002A8BF3 /* Student.swift */,
			);
			path = DataSwift;
			sourceTree = "<group>";
		};
		C02BACDB211849E2002A8BF3 /* Teacher */ = {
			isa = PBXGroup;
			children = (
				C02BACDC211849E2002A8BF3 /* TeacherHomeworkUpdateTableViewController.swift */,
				C02BACDD211849E2002A8BF3 /* TeacherHomeworkCheckTableViewController.swift */,
				C02BACDE211849E2002A8BF3 /* TeacherHomeworkTableViewController.swift */,
				C02BACDF211849E2002A8BF3 /* TeacherHomeworkContainerViewController.swift */,
				C02BACE0211849E2002A8BF3 /* TeacherHomeworkInsertTableViewController.swift */,
			);
			path = Teacher;
			sourceTree = "<group>";
		};
/* End PBXGroup section */

/* Begin PBXNativeTarget section */
		24BC57AE20FD83DE00002DB0 /* ProjectCP101005Swift */ = {
			isa = PBXNativeTarget;
			buildConfigurationList = 24BC57C120FD83E100002DB0 /* Build configuration list for PBXNativeTarget "ProjectCP101005Swift" */;
			buildPhases = (
				24BC57AB20FD83DE00002DB0 /* Sources */,
				24BC57AC20FD83DE00002DB0 /* Frameworks */,
				24BC57AD20FD83DE00002DB0 /* Resources */,
			);
			buildRules = (
			);
			dependencies = (
			);
			name = ProjectCP101005Swift;
			productName = ProjectCP101005Swift;
			productReference = 24BC57AF20FD83DE00002DB0 /* ProjectCP101005Swift.app */;
			productType = "com.apple.product-type.application";
		};
/* End PBXNativeTarget section */

/* Begin PBXProject section */
		24BC57A720FD83DE00002DB0 /* Project object */ = {
			isa = PBXProject;
			attributes = {
				LastSwiftUpdateCheck = 0940;
				LastUpgradeCheck = 0940;
				ORGANIZATIONNAME = "楊文興";
				TargetAttributes = {
					24BC57AE20FD83DE00002DB0 = {
						CreatedOnToolsVersion = 9.4.1;
						LastSwiftMigration = 0940;
					};
				};
			};
			buildConfigurationList = 24BC57AA20FD83DE00002DB0 /* Build configuration list for PBXProject "ProjectCP101005Swift" */;
			compatibilityVersion = "Xcode 9.3";
			developmentRegion = en;
			hasScannedForEncodings = 0;
			knownRegions = (
				en,
				Base,
			);
			mainGroup = 24BC57A620FD83DE00002DB0;
			productRefGroup = 24BC57B020FD83DE00002DB0 /* Products */;
			projectDirPath = "";
			projectRoot = "";
			targets = (
				24BC57AE20FD83DE00002DB0 /* ProjectCP101005Swift */,
			);
		};
/* End PBXProject section */

/* Begin PBXResourcesBuildPhase section */
		24BC57AD20FD83DE00002DB0 /* Resources */ = {
			isa = PBXResourcesBuildPhase;
			buildActionMask = 2147483647;
			files = (
				C02BACB7211849DD002A8BF3 /* add1.png in Resources */,
				C02BACC3211849DD002A8BF3 /* analysis.png in Resources */,
				24BC57BD20FD83E100002DB0 /* LaunchScreen.storyboard in Resources */,
				C02BACBD211849DD002A8BF3 /* BoHan.storyboard in Resources */,
				C02BACBC211849DD002A8BF3 /* examSubject.txt in Resources */,
				C02BACC8211849DD002A8BF3 /* ic_mode_edit_white_24dp.png in Resources */,
				C02BACF7211849EA002A8BF3 /* TeacherStoryboard.storyboard in Resources */,
				C02BACF6211849EA002A8BF3 /* StudentStoryboard.storyboard in Resources */,
				24BC57BA20FD83E100002DB0 /* Assets.xcassets in Resources */,
				24BC57B820FD83DE00002DB0 /* Main.storyboard in Resources */,
				930FC19F210ACB7100C27FC1 /* LoginStoryboard.storyboard in Resources */,
				C02BACEA211849E2002A8BF3 /* MingTaStoryboard.storyboard in Resources */,
			);
			runOnlyForDeploymentPostprocessing = 0;
		};
/* End PBXResourcesBuildPhase section */

/* Begin PBXSourcesBuildPhase section */
		24BC57AB20FD83DE00002DB0 /* Sources */ = {
			isa = PBXSourcesBuildPhase;
			buildActionMask = 2147483647;
			files = (
				C02BACED211849E2002A8BF3 /* HomeworkCheck.swift in Sources */,
				930FC19D210ACB5A00C27FC1 /* LoginViewController.swift in Sources */,
				24BC57CA20FD844600002DB0 /* UIImageView+Download.swift in Sources */,
				C02BACE8211849E2002A8BF3 /* HomeworkDetailTableViewCell.swift in Sources */,
				C02BACE7211849E2002A8BF3 /* MingTaCommunicator.swift in Sources */,
				C02BACF3211849E2002A8BF3 /* TeacherHomeworkInsertTableViewController.swift in Sources */,
				C02BACBB211849DD002A8BF3 /* ClassJoin:Create.swift in Sources */,
				C02BACC0211849DD002A8BF3 /* LoginScoreTVC.swift in Sources */,
				C02BACB8211849DD002A8BF3 /* ClassTVC.swift in Sources */,
				C02BACE4211849E2002A8BF3 /* StudentInfoTableViewController.swift in Sources */,
				24BC57B520FD83DE00002DB0 /* ViewController.swift in Sources */,
				C02BACEE211849E2002A8BF3 /* Student.swift in Sources */,
				C02BACC4211849DD002A8BF3 /* UpdateExamTVC.swift in Sources */,
				C02BACBE211849DD002A8BF3 /* Cell.swift in Sources */,
				C02BACBF211849DD002A8BF3 /* FirstViewController.swift in Sources */,
				C02BACBA211849DD002A8BF3 /* CreateSubjectTVC.swift in Sources */,
				C02BACE6211849E2002A8BF3 /* HomeworkSectionHeaderCell.swift in Sources */,
				9334CBC22111566D00D7BE6F /* Action.swift in Sources */,
				C02BACB6211849DD002A8BF3 /* ClassCell.swift in Sources */,
				C02BACC6211849DD002A8BF3 /* JoinClassTVC.swift in Sources */,
				24BC57C720FD842400002DB0 /* Reachability.m in Sources */,
				C02BACC5211849DD002A8BF3 /* Color.swift in Sources */,
				24BC57CB20FD844600002DB0 /* UIImage+Resize.swift in Sources */,
				9334CBC02111565F00D7BE6F /* Account.swift in Sources */,
				9334CBD32112AF0300D7BE6F /* RegisterViewController.swift in Sources */,
				C02BACEF211849E2002A8BF3 /* TeacherHomeworkUpdateTableViewController.swift in Sources */,
				C02BACE2211849E2002A8BF3 /* StudentHomeworkTableViewController.swift in Sources */,
				C02BACC7211849DD002A8BF3 /* TabBarController.swift in Sources */,
				C02BACB9211849DD002A8BF3 /* CreateClassViewController.swift in Sources */,
				C02BACE9211849E2002A8BF3 /* HomeworkCheckTableViewCell.swift in Sources */,
				9334CBC7211182A200D7BE6F /* ClassList.swift in Sources */,
				C02BACF0211849E2002A8BF3 /* TeacherHomeworkCheckTableViewController.swift in Sources */,
				9334CBCD2111A26F00D7BE6F /* Corner.swift in Sources */,
				C02BACE3211849E2002A8BF3 /* StudentHomeworkDetailTableViewController.swift in Sources */,
				931B49252112E7A100A8CCB9 /* ClassSelecttViewController.swift in Sources */,
				24BC57B320FD83DE00002DB0 /* AppDelegate.swift in Sources */,
				C02BACC2211849DD002A8BF3 /* ExamSubjectTVC.swift in Sources */,
				C02BACEB211849E2002A8BF3 /* Homework.swift in Sources */,
				C02BACF1211849E2002A8BF3 /* TeacherHomeworkTableViewController.swift in Sources */,
				C02BACC1211849DD002A8BF3 /* UpdateScoreTVC.swift in Sources */,
				C02BACEC211849E2002A8BF3 /* HomeworkIsDone.swift in Sources */,
				C02BACE5211849E2002A8BF3 /* MingTaCommon.swift in Sources */,
				9334CBBE2111563200D7BE6F /* Communicator.swift in Sources */,
				9334CBBC2111560C00D7BE6F /* Common.swift in Sources */,
				C02BACF2211849E2002A8BF3 /* TeacherHomeworkContainerViewController.swift in Sources */,
				931B49272112F59800A8CCB9 /* CoolCellTableViewCell.swift in Sources */,
				C02BACE1211849E2002A8BF3 /* StudentInfoEditTableViewController.swift in Sources */,
			);
			runOnlyForDeploymentPostprocessing = 0;
		};
/* End PBXSourcesBuildPhase section */

/* Begin PBXVariantGroup section */
		24BC57B620FD83DE00002DB0 /* Main.storyboard */ = {
			isa = PBXVariantGroup;
			children = (
				24BC57B720FD83DE00002DB0 /* Base */,
			);
			name = Main.storyboard;
			sourceTree = "<group>";
		};
		24BC57BB20FD83E100002DB0 /* LaunchScreen.storyboard */ = {
			isa = PBXVariantGroup;
			children = (
				24BC57BC20FD83E100002DB0 /* Base */,
			);
			name = LaunchScreen.storyboard;
			sourceTree = "<group>";
		};
/* End PBXVariantGroup section */

/* Begin XCBuildConfiguration section */
		24BC57BF20FD83E100002DB0 /* Debug */ = {
			isa = XCBuildConfiguration;
			buildSettings = {
				ALWAYS_SEARCH_USER_PATHS = NO;
				CLANG_ANALYZER_NONNULL = YES;
				CLANG_ANALYZER_NUMBER_OBJECT_CONVERSION = YES_AGGRESSIVE;
				CLANG_CXX_LANGUAGE_STANDARD = "gnu++14";
				CLANG_CXX_LIBRARY = "libc++";
				CLANG_ENABLE_MODULES = YES;
				CLANG_ENABLE_OBJC_ARC = YES;
				CLANG_ENABLE_OBJC_WEAK = YES;
				CLANG_WARN_BLOCK_CAPTURE_AUTORELEASING = YES;
				CLANG_WARN_BOOL_CONVERSION = YES;
				CLANG_WARN_COMMA = YES;
				CLANG_WARN_CONSTANT_CONVERSION = YES;
				CLANG_WARN_DEPRECATED_OBJC_IMPLEMENTATIONS = YES;
				CLANG_WARN_DIRECT_OBJC_ISA_USAGE = YES_ERROR;
				CLANG_WARN_DOCUMENTATION_COMMENTS = YES;
				CLANG_WARN_EMPTY_BODY = YES;
				CLANG_WARN_ENUM_CONVERSION = YES;
				CLANG_WARN_INFINITE_RECURSION = YES;
				CLANG_WARN_INT_CONVERSION = YES;
				CLANG_WARN_NON_LITERAL_NULL_CONVERSION = YES;
				CLANG_WARN_OBJC_IMPLICIT_RETAIN_SELF = YES;
				CLANG_WARN_OBJC_LITERAL_CONVERSION = YES;
				CLANG_WARN_OBJC_ROOT_CLASS = YES_ERROR;
				CLANG_WARN_RANGE_LOOP_ANALYSIS = YES;
				CLANG_WARN_STRICT_PROTOTYPES = YES;
				CLANG_WARN_SUSPICIOUS_MOVE = YES;
				CLANG_WARN_UNGUARDED_AVAILABILITY = YES_AGGRESSIVE;
				CLANG_WARN_UNREACHABLE_CODE = YES;
				CLANG_WARN__DUPLICATE_METHOD_MATCH = YES;
				CODE_SIGN_IDENTITY = "iPhone Developer";
				COPY_PHASE_STRIP = NO;
				DEBUG_INFORMATION_FORMAT = dwarf;
				ENABLE_STRICT_OBJC_MSGSEND = YES;
				ENABLE_TESTABILITY = YES;
				GCC_C_LANGUAGE_STANDARD = gnu11;
				GCC_DYNAMIC_NO_PIC = NO;
				GCC_NO_COMMON_BLOCKS = YES;
				GCC_OPTIMIZATION_LEVEL = 0;
				GCC_PREPROCESSOR_DEFINITIONS = (
					"DEBUG=1",
					"$(inherited)",
				);
				GCC_WARN_64_TO_32_BIT_CONVERSION = YES;
				GCC_WARN_ABOUT_RETURN_TYPE = YES_ERROR;
				GCC_WARN_UNDECLARED_SELECTOR = YES;
				GCC_WARN_UNINITIALIZED_AUTOS = YES_AGGRESSIVE;
				GCC_WARN_UNUSED_FUNCTION = YES;
				GCC_WARN_UNUSED_VARIABLE = YES;
				IPHONEOS_DEPLOYMENT_TARGET = 11.0;
				MTL_ENABLE_DEBUG_INFO = YES;
				ONLY_ACTIVE_ARCH = YES;
				SDKROOT = iphoneos;
				SWIFT_ACTIVE_COMPILATION_CONDITIONS = DEBUG;
				SWIFT_OPTIMIZATION_LEVEL = "-Onone";
			};
			name = Debug;
		};
		24BC57C020FD83E100002DB0 /* Release */ = {
			isa = XCBuildConfiguration;
			buildSettings = {
				ALWAYS_SEARCH_USER_PATHS = NO;
				CLANG_ANALYZER_NONNULL = YES;
				CLANG_ANALYZER_NUMBER_OBJECT_CONVERSION = YES_AGGRESSIVE;
				CLANG_CXX_LANGUAGE_STANDARD = "gnu++14";
				CLANG_CXX_LIBRARY = "libc++";
				CLANG_ENABLE_MODULES = YES;
				CLANG_ENABLE_OBJC_ARC = YES;
				CLANG_ENABLE_OBJC_WEAK = YES;
				CLANG_WARN_BLOCK_CAPTURE_AUTORELEASING = YES;
				CLANG_WARN_BOOL_CONVERSION = YES;
				CLANG_WARN_COMMA = YES;
				CLANG_WARN_CONSTANT_CONVERSION = YES;
				CLANG_WARN_DEPRECATED_OBJC_IMPLEMENTATIONS = YES;
				CLANG_WARN_DIRECT_OBJC_ISA_USAGE = YES_ERROR;
				CLANG_WARN_DOCUMENTATION_COMMENTS = YES;
				CLANG_WARN_EMPTY_BODY = YES;
				CLANG_WARN_ENUM_CONVERSION = YES;
				CLANG_WARN_INFINITE_RECURSION = YES;
				CLANG_WARN_INT_CONVERSION = YES;
				CLANG_WARN_NON_LITERAL_NULL_CONVERSION = YES;
				CLANG_WARN_OBJC_IMPLICIT_RETAIN_SELF = YES;
				CLANG_WARN_OBJC_LITERAL_CONVERSION = YES;
				CLANG_WARN_OBJC_ROOT_CLASS = YES_ERROR;
				CLANG_WARN_RANGE_LOOP_ANALYSIS = YES;
				CLANG_WARN_STRICT_PROTOTYPES = YES;
				CLANG_WARN_SUSPICIOUS_MOVE = YES;
				CLANG_WARN_UNGUARDED_AVAILABILITY = YES_AGGRESSIVE;
				CLANG_WARN_UNREACHABLE_CODE = YES;
				CLANG_WARN__DUPLICATE_METHOD_MATCH = YES;
				CODE_SIGN_IDENTITY = "iPhone Developer";
				COPY_PHASE_STRIP = NO;
				DEBUG_INFORMATION_FORMAT = "dwarf-with-dsym";
				ENABLE_NS_ASSERTIONS = NO;
				ENABLE_STRICT_OBJC_MSGSEND = YES;
				GCC_C_LANGUAGE_STANDARD = gnu11;
				GCC_NO_COMMON_BLOCKS = YES;
				GCC_WARN_64_TO_32_BIT_CONVERSION = YES;
				GCC_WARN_ABOUT_RETURN_TYPE = YES_ERROR;
				GCC_WARN_UNDECLARED_SELECTOR = YES;
				GCC_WARN_UNINITIALIZED_AUTOS = YES_AGGRESSIVE;
				GCC_WARN_UNUSED_FUNCTION = YES;
				GCC_WARN_UNUSED_VARIABLE = YES;
				IPHONEOS_DEPLOYMENT_TARGET = 11.0;
				MTL_ENABLE_DEBUG_INFO = NO;
				SDKROOT = iphoneos;
				SWIFT_COMPILATION_MODE = wholemodule;
				SWIFT_OPTIMIZATION_LEVEL = "-O";
				VALIDATE_PRODUCT = YES;
			};
			name = Release;
		};
		24BC57C220FD83E100002DB0 /* Debug */ = {
			isa = XCBuildConfiguration;
			buildSettings = {
				ASSETCATALOG_COMPILER_APPICON_NAME = AppIcon;
				CLANG_ENABLE_MODULES = YES;
				CODE_SIGN_STYLE = Automatic;
				DEVELOPMENT_TEAM = "";
				INFOPLIST_FILE = ProjectCP101005Swift/Info.plist;
				LD_RUNPATH_SEARCH_PATHS = (
					"$(inherited)",
					"@executable_path/Frameworks",
				);
				PRODUCT_BUNDLE_IDENTIFIER = com.vinson.ProjectCP101005Swift;
				PRODUCT_NAME = "$(TARGET_NAME)";
				SWIFT_OBJC_BRIDGING_HEADER = "ProjectCP101005Swift/ProjectCP101005Swift-Bridging-Header.h";
				SWIFT_OPTIMIZATION_LEVEL = "-Onone";
				SWIFT_VERSION = 4.0;
				TARGETED_DEVICE_FAMILY = "1,2";
			};
			name = Debug;
		};
		24BC57C320FD83E100002DB0 /* Release */ = {
			isa = XCBuildConfiguration;
			buildSettings = {
				ASSETCATALOG_COMPILER_APPICON_NAME = AppIcon;
				CLANG_ENABLE_MODULES = YES;
				CODE_SIGN_STYLE = Automatic;
				DEVELOPMENT_TEAM = "";
				INFOPLIST_FILE = ProjectCP101005Swift/Info.plist;
				LD_RUNPATH_SEARCH_PATHS = (
					"$(inherited)",
					"@executable_path/Frameworks",
				);
				PRODUCT_BUNDLE_IDENTIFIER = com.vinson.ProjectCP101005Swift;
				PRODUCT_NAME = "$(TARGET_NAME)";
				SWIFT_OBJC_BRIDGING_HEADER = "ProjectCP101005Swift/ProjectCP101005Swift-Bridging-Header.h";
				SWIFT_VERSION = 4.0;
				TARGETED_DEVICE_FAMILY = "1,2";
			};
			name = Release;
		};
/* End XCBuildConfiguration section */

/* Begin XCConfigurationList section */
		24BC57AA20FD83DE00002DB0 /* Build configuration list for PBXProject "ProjectCP101005Swift" */ = {
			isa = XCConfigurationList;
			buildConfigurations = (
				24BC57BF20FD83E100002DB0 /* Debug */,
				24BC57C020FD83E100002DB0 /* Release */,
			);
			defaultConfigurationIsVisible = 0;
			defaultConfigurationName = Release;
		};
		24BC57C120FD83E100002DB0 /* Build configuration list for PBXNativeTarget "ProjectCP101005Swift" */ = {
			isa = XCConfigurationList;
			buildConfigurations = (
				24BC57C220FD83E100002DB0 /* Debug */,
				24BC57C320FD83E100002DB0 /* Release */,
			);
			defaultConfigurationIsVisible = 0;
			defaultConfigurationName = Release;
		};
/* End XCConfigurationList section */
	};
	rootObject = 24BC57A720FD83DE00002DB0 /* Project object */;
}
