// !$*UTF8*$!
{
    archiveVersion = 1;
    classes = {
    };
    objectVersion = 50;
    objects = {

/* Begin PBXBuildFile section */
        0C0EAE17211AD5580059B51E /* StudentExamTVC.swift in Sources */ = {isa = PBXBuildFile; fileRef = 0C0EAE16211AD5580059B51E /* StudentExamTVC.swift */; };
        0C0EAE19211AD5680059B51E /* StudentExamQuery.swift in Sources */ = {isa = PBXBuildFile; fileRef = 0C0EAE18211AD5680059B51E /* StudentExamQuery.swift */; };
        0C0EAE1B211AD5970059B51E /* StudentExamQueryScore.swift in Sources */ = {isa = PBXBuildFile; fileRef = 0C0EAE1A211AD5970059B51E /* StudentExamQueryScore.swift */; };
        0C0EAE1D211AD6900059B51E /* StudentExamCell.swift in Sources */ = {isa = PBXBuildFile; fileRef = 0C0EAE1C211AD6900059B51E /* StudentExamCell.swift */; };
        0C8BA7A6211A8A2F006BC87E /* PopOverViewController.swift in Sources */ = {isa = PBXBuildFile; fileRef = 0C8BA7A5211A8A2F006BC87E /* PopOverViewController.swift */; };
        0CC02E102119964000091EB9 /* search.png in Resources */ = {isa = PBXBuildFile; fileRef = 0CC02E0F2119963F00091EB9 /* search.png */; };
        0CF1D58E211A9E850055BF58 /* exam.png in Resources */ = {isa = PBXBuildFile; fileRef = 0CF1D58D211A9E840055BF58 /* exam.png */; };
        24BC57B320FD83DE00002DB0 /* AppDelegate.swift in Sources */ = {isa = PBXBuildFile; fileRef = 24BC57B220FD83DE00002DB0 /* AppDelegate.swift */; };
        24BC57B520FD83DE00002DB0 /* ViewController.swift in Sources */ = {isa = PBXBuildFile; fileRef = 24BC57B420FD83DE00002DB0 /* ViewController.swift */; };
        24BC57B820FD83DE00002DB0 /* Main.storyboard in Resources */ = {isa = PBXBuildFile; fileRef = 24BC57B620FD83DE00002DB0 /* Main.storyboard */; };
        24BC57BA20FD83E100002DB0 /* Assets.xcassets in Resources */ = {isa = PBXBuildFile; fileRef = 24BC57B920FD83E100002DB0 /* Assets.xcassets */; };
        24BC57BD20FD83E100002DB0 /* LaunchScreen.storyboard in Resources */ = {isa = PBXBuildFile; fileRef = 24BC57BB20FD83E100002DB0 /* LaunchScreen.storyboard */; };
        24BC57C720FD842400002DB0 /* Reachability.m in Sources */ = {isa = PBXBuildFile; fileRef = 24BC57C520FD842400002DB0 /* Reachability.m */; };
        24BC57CA20FD844600002DB0 /* UIImageView+Download.swift in Sources */ = {isa = PBXBuildFile; fileRef = 24BC57C820FD844600002DB0 /* UIImageView+Download.swift */; };
        24BC57CB20FD844600002DB0 /* UIImage+Resize.swift in Sources */ = {isa = PBXBuildFile; fileRef = 24BC57C920FD844600002DB0 /* UIImage+Resize.swift */; };
        24BFE53E211D397200EF891F /* TeacherAccountAddStudnetViewController.swift in Sources */ = {isa = PBXBuildFile; fileRef = 24BFE525211D397200EF891F /* TeacherAccountAddStudnetViewController.swift */; };
        24BFE540211D397300EF891F /* TeacherAccountTabOneViewController.swift in Sources */ = {isa = PBXBuildFile; fileRef = 24BFE527211D397200EF891F /* TeacherAccountTabOneViewController.swift */; };
        24BFE541211D397300EF891F /* TabOneStudentDetailViewController.swift in Sources */ = {isa = PBXBuildFile; fileRef = 24BFE528211D397200EF891F /* TabOneStudentDetailViewController.swift */; };
        24BFE542211D397300EF891F /* TabSwitchViewController.swift in Sources */ = {isa = PBXBuildFile; fileRef = 24BFE529211D397200EF891F /* TabSwitchViewController.swift */; };
        24BFE543211D397300EF891F /* TeacherAccountClassDetail.storyboard in Resources */ = {isa = PBXBuildFile; fileRef = 24BFE52A211D397200EF891F /* TeacherAccountClassDetail.storyboard */; };
        24BFE544211D397300EF891F /* TeacherAccountTabTwoViewController.swift in Sources */ = {isa = PBXBuildFile; fileRef = 24BFE52C211D397200EF891F /* TeacherAccountTabTwoViewController.swift */; };
        24BFE545211D397300EF891F /* TeacherAccountSearchTeacherTableViewCell.swift in Sources */ = {isa = PBXBuildFile; fileRef = 24BFE52D211D397200EF891F /* TeacherAccountSearchTeacherTableViewCell.swift */; };
        24BFE546211D397300EF891F /* TeacherAccountSearchTeacherViewController.swift in Sources */ = {isa = PBXBuildFile; fileRef = 24BFE52E211D397200EF891F /* TeacherAccountSearchTeacherViewController.swift */; };
        24BFE547211D397300EF891F /* TeacherAccountTabTwoTableViewCell.swift in Sources */ = {isa = PBXBuildFile; fileRef = 24BFE52F211D397200EF891F /* TeacherAccountTabTwoTableViewCell.swift */; };
		24BFE548211D397300EF891F /* TeacherAccountSearcheTeacherViewControllerTableViewCell.swift in Sources */ = {isa = PBXBuildFile; fileRef = 24BFE530211D397200EF891F /* TeacherAccountSearcheTeacherViewControllerTableViewCell.swift */; };
		24BFE54A211D397300EF891F /* TeacherReplaceFileViewController.swift in Sources */ = {isa = PBXBuildFile; fileRef = 24BFE532211D397200EF891F /* TeacherReplaceFileViewController.swift */; };
		24BFE54B211D397300EF891F /* CommunicatorWenSing.swift in Sources */ = {isa = PBXBuildFile; fileRef = 24BFE534211D397200EF891F /* CommunicatorWenSing.swift */; };
		24BFE54C211D397300EF891F /* UIImageCropper.swift in Sources */ = {isa = PBXBuildFile; fileRef = 24BFE535211D397200EF891F /* UIImageCropper.swift */; };
		24BFE54D211D397300EF891F /* CommonURL.swift in Sources */ = {isa = PBXBuildFile; fileRef = 24BFE536211D397200EF891F /* CommonURL.swift */; };
		24BFE54E211D397300EF891F /* UIImage+FixOrientation.swift in Sources */ = {isa = PBXBuildFile; fileRef = 24BFE537211D397200EF891F /* UIImage+FixOrientation.swift */; };
		24BFE54F211D397300EF891F /* StudentDownloader.swift in Sources */ = {isa = PBXBuildFile; fileRef = 24BFE538211D397200EF891F /* StudentDownloader.swift */; };
		24BFE550211D397300EF891F /* Profiles.swift in Sources */ = {isa = PBXBuildFile; fileRef = 24BFE539211D397200EF891F /* Profiles.swift */; };
		24BFE551211D397300EF891F /* ActionWenSing.swift in Sources */ = {isa = PBXBuildFile; fileRef = 24BFE53A211D397200EF891F /* ActionWenSing.swift */; };
		930FC19D210ACB5A00C27FC1 /* LoginViewController.swift in Sources */ = {isa = PBXBuildFile; fileRef = 930FC19C210ACB5A00C27FC1 /* LoginViewController.swift */; };
		930FC19F210ACB7100C27FC1 /* LoginStoryboard.storyboard in Resources */ = {isa = PBXBuildFile; fileRef = 930FC19E210ACB7100C27FC1 /* LoginStoryboard.storyboard */; };
		931B49252112E7A100A8CCB9 /* ClassSelecttViewController.swift in Sources */ = {isa = PBXBuildFile; fileRef = 931B49242112E7A100A8CCB9 /* ClassSelecttViewController.swift */; };
		931B49272112F59800A8CCB9 /* CoolCellTableViewCell.swift in Sources */ = {isa = PBXBuildFile; fileRef = 931B49262112F59800A8CCB9 /* CoolCellTableViewCell.swift */; };
		9334CBBC2111560C00D7BE6F /* Common.swift in Sources */ = {isa = PBXBuildFile; fileRef = 9334CBBB2111560C00D7BE6F /* Common.swift */; };
		9334CBBE2111563200D7BE6F /* Communicator.swift in Sources */ = {isa = PBXBuildFile; fileRef = 9334CBBD2111563200D7BE6F /* Communicator.swift */; };
		9334CBC02111565F00D7BE6F /* Account.swift in Sources */ = {isa = PBXBuildFile; fileRef = 9334CBBF2111565F00D7BE6F /* Account.swift */; };
		9334CBC22111566D00D7BE6F /* Action.swift in Sources */ = {isa = PBXBuildFile; fileRef = 9334CBC12111566D00D7BE6F /* Action.swift */; };
		9334CBC7211182A200D7BE6F /* ClassList.swift in Sources */ = {isa = PBXBuildFile; fileRef = 9334CBC6211182A200D7BE6F /* ClassList.swift */; };
		9334CBCD2111A26F00D7BE6F /* Corner.swift in Sources */ = {isa = PBXBuildFile; fileRef = 9334CBCC2111A26F00D7BE6F /* Corner.swift */; };
		9334CBD32112AF0300D7BE6F /* RegisterViewController.swift in Sources */ = {isa = PBXBuildFile; fileRef = 9334CBD22112AF0300D7BE6F /* RegisterViewController.swift */; };
		A47F048428F1E138F79899FC /* Pods_ProjectCP101005Swift.framework in Frameworks */ = {isa = PBXBuildFile; fileRef = 33819323E9A5797F55409475 /* Pods_ProjectCP101005Swift.framework */; };
		C02F6EA121192E8200A0A2BA /* StudentStoryboard.storyboard in Resources */ = {isa = PBXBuildFile; fileRef = C02F6EA021192E8100A0A2BA /* StudentStoryboard.storyboard */; };
		C02F6EA321192E8E00A0A2BA /* TeacherStoryboard.storyboard in Resources */ = {isa = PBXBuildFile; fileRef = C02F6EA221192E8E00A0A2BA /* TeacherStoryboard.storyboard */; };
		C02F6EBA21192E9E00A0A2BA /* ClassCell.swift in Sources */ = {isa = PBXBuildFile; fileRef = C02F6EA621192E9D00A0A2BA /* ClassCell.swift */; };
		C02F6EBB21192E9E00A0A2BA /* add1.png in Resources */ = {isa = PBXBuildFile; fileRef = C02F6EA721192E9D00A0A2BA /* add1.png */; };
		C02F6EBC21192E9E00A0A2BA /* ClassTVC.swift in Sources */ = {isa = PBXBuildFile; fileRef = C02F6EA821192E9D00A0A2BA /* ClassTVC.swift */; };
		C02F6EBD21192E9E00A0A2BA /* CreateClassViewController.swift in Sources */ = {isa = PBXBuildFile; fileRef = C02F6EA921192E9D00A0A2BA /* CreateClassViewController.swift */; };
		C02F6EBE21192E9E00A0A2BA /* CreateSubjectTVC.swift in Sources */ = {isa = PBXBuildFile; fileRef = C02F6EAA21192E9D00A0A2BA /* CreateSubjectTVC.swift */; };
		C02F6EBF21192E9E00A0A2BA /* ClassJoin&Create.swift in Sources */ = {isa = PBXBuildFile; fileRef = C02F6EAB21192E9D00A0A2BA /* ClassJoin&Create.swift */; };
		C02F6EC121192E9E00A0A2BA /* BoHan.storyboard in Resources */ = {isa = PBXBuildFile; fileRef = C02F6EAD21192E9D00A0A2BA /* BoHan.storyboard */; };
		C02F6EC221192E9E00A0A2BA /* Cell.swift in Sources */ = {isa = PBXBuildFile; fileRef = C02F6EAF21192E9D00A0A2BA /* Cell.swift */; };
		C02F6EC321192E9E00A0A2BA /* FirstViewController.swift in Sources */ = {isa = PBXBuildFile; fileRef = C02F6EB021192E9D00A0A2BA /* FirstViewController.swift */; };
		C02F6EC421192E9E00A0A2BA /* LoginScoreTVC.swift in Sources */ = {isa = PBXBuildFile; fileRef = C02F6EB121192E9D00A0A2BA /* LoginScoreTVC.swift */; };
		C02F6EC521192E9E00A0A2BA /* UpdateScoreTVC.swift in Sources */ = {isa = PBXBuildFile; fileRef = C02F6EB221192E9D00A0A2BA /* UpdateScoreTVC.swift */; };
		C02F6EC621192E9E00A0A2BA /* ExamSubjectTVC.swift in Sources */ = {isa = PBXBuildFile; fileRef = C02F6EB321192E9D00A0A2BA /* ExamSubjectTVC.swift */; };
		C02F6EC721192E9E00A0A2BA /* analysis.png in Resources */ = {isa = PBXBuildFile; fileRef = C02F6EB421192E9D00A0A2BA /* analysis.png */; };
		C02F6EC821192E9E00A0A2BA /* UpdateExamTVC.swift in Sources */ = {isa = PBXBuildFile; fileRef = C02F6EB521192E9D00A0A2BA /* UpdateExamTVC.swift */; };
		C02F6EC921192E9E00A0A2BA /* Color.swift in Sources */ = {isa = PBXBuildFile; fileRef = C02F6EB621192E9D00A0A2BA /* Color.swift */; };
		C02F6ECA21192E9E00A0A2BA /* JoinClassTVC.swift in Sources */ = {isa = PBXBuildFile; fileRef = C02F6EB721192E9D00A0A2BA /* JoinClassTVC.swift */; };
		C02F6ECB21192E9E00A0A2BA /* TabBarController.swift in Sources */ = {isa = PBXBuildFile; fileRef = C02F6EB821192E9D00A0A2BA /* TabBarController.swift */; };
		C02F6ECC21192E9E00A0A2BA /* ic_mode_edit_white_24dp.png in Resources */ = {isa = PBXBuildFile; fileRef = C02F6EB921192E9D00A0A2BA /* ic_mode_edit_white_24dp.png */; };
		C02F6EE521192EA400A0A2BA /* StudentInfoEditTableViewController.swift in Sources */ = {isa = PBXBuildFile; fileRef = C02F6ECF21192EA400A0A2BA /* StudentInfoEditTableViewController.swift */; };
		C02F6EE621192EA400A0A2BA /* StudentHomeworkTableViewController.swift in Sources */ = {isa = PBXBuildFile; fileRef = C02F6ED021192EA400A0A2BA /* StudentHomeworkTableViewController.swift */; };
		C02F6EE721192EA400A0A2BA /* StudentHomeworkDetailTableViewController.swift in Sources */ = {isa = PBXBuildFile; fileRef = C02F6ED121192EA400A0A2BA /* StudentHomeworkDetailTableViewController.swift */; };
		C02F6EE821192EA400A0A2BA /* StudentInfoTableViewController.swift in Sources */ = {isa = PBXBuildFile; fileRef = C02F6ED221192EA400A0A2BA /* StudentInfoTableViewController.swift */; };
		C02F6EE921192EA400A0A2BA /* MingTaCommon.swift in Sources */ = {isa = PBXBuildFile; fileRef = C02F6ED421192EA400A0A2BA /* MingTaCommon.swift */; };
		C02F6EEA21192EA400A0A2BA /* HomeworkSectionHeaderCell.swift in Sources */ = {isa = PBXBuildFile; fileRef = C02F6ED521192EA400A0A2BA /* HomeworkSectionHeaderCell.swift */; };
		C02F6EEB21192EA400A0A2BA /* MingTaCommunicator.swift in Sources */ = {isa = PBXBuildFile; fileRef = C02F6ED621192EA400A0A2BA /* MingTaCommunicator.swift */; };
		C02F6EEC21192EA400A0A2BA /* HomeworkDetailTableViewCell.swift in Sources */ = {isa = PBXBuildFile; fileRef = C02F6ED721192EA400A0A2BA /* HomeworkDetailTableViewCell.swift */; };
		C02F6EED21192EA400A0A2BA /* HomeworkCheckTableViewCell.swift in Sources */ = {isa = PBXBuildFile; fileRef = C02F6ED821192EA400A0A2BA /* HomeworkCheckTableViewCell.swift */; };
		C02F6EEE21192EA400A0A2BA /* MingTaStoryboard.storyboard in Resources */ = {isa = PBXBuildFile; fileRef = C02F6ED921192EA400A0A2BA /* MingTaStoryboard.storyboard */; };
		C02F6EEF21192EA400A0A2BA /* Homework.swift in Sources */ = {isa = PBXBuildFile; fileRef = C02F6EDB21192EA400A0A2BA /* Homework.swift */; };
		C02F6EF021192EA400A0A2BA /* HomeworkIsDone.swift in Sources */ = {isa = PBXBuildFile; fileRef = C02F6EDC21192EA400A0A2BA /* HomeworkIsDone.swift */; };
		C02F6EF121192EA400A0A2BA /* HomeworkCheck.swift in Sources */ = {isa = PBXBuildFile; fileRef = C02F6EDD21192EA400A0A2BA /* HomeworkCheck.swift */; };
		C02F6EF221192EA400A0A2BA /* Student.swift in Sources */ = {isa = PBXBuildFile; fileRef = C02F6EDE21192EA400A0A2BA /* Student.swift */; };
		C02F6EF321192EA400A0A2BA /* TeacherHomeworkUpdateTableViewController.swift in Sources */ = {isa = PBXBuildFile; fileRef = C02F6EE021192EA400A0A2BA /* TeacherHomeworkUpdateTableViewController.swift */; };
		C02F6EF421192EA400A0A2BA /* TeacherHomeworkCheckTableViewController.swift in Sources */ = {isa = PBXBuildFile; fileRef = C02F6EE121192EA400A0A2BA /* TeacherHomeworkCheckTableViewController.swift */; };
		C02F6EF521192EA400A0A2BA /* TeacherHomeworkTableViewController.swift in Sources */ = {isa = PBXBuildFile; fileRef = C02F6EE221192EA400A0A2BA /* TeacherHomeworkTableViewController.swift */; };
		C02F6EF621192EA400A0A2BA /* TeacherHomeworkContainerViewController.swift in Sources */ = {isa = PBXBuildFile; fileRef = C02F6EE321192EA400A0A2BA /* TeacherHomeworkContainerViewController.swift */; };
		C02F6EF721192EA400A0A2BA /* TeacherHomeworkInsertTableViewController.swift in Sources */ = {isa = PBXBuildFile; fileRef = C02F6EE421192EA400A0A2BA /* TeacherHomeworkInsertTableViewController.swift */; };
		C03381CB2118537A00D55EAE /* .gitignore in Resources */ = {isa = PBXBuildFile; fileRef = C03381CA2118537A00D55EAE /* .gitignore */; };
		C0AA28CF211941B6003121A7 /* TeacherSingleExamChartsTableViewController.swift in Sources */ = {isa = PBXBuildFile; fileRef = C0AA28CE211941B6003121A7 /* TeacherSingleExamChartsTableViewController.swift */; };
		C0AA28D121195029003121A7 /* ChartFormatter.swift in Sources */ = {isa = PBXBuildFile; fileRef = C0AA28D021195029003121A7 /* ChartFormatter.swift */; };
		EA230E3D2121361800E212B5 /* SetTitleTeacherTabBarViewController.swift in Sources */ = {isa = PBXBuildFile; fileRef = EA230E3C2121361800E212B5 /* SetTitleTeacherTabBarViewController.swift */; };
		EA3000B8211EC9AB00AA2EFB /* ChatTableViewCell.swift in Sources */ = {isa = PBXBuildFile; fileRef = EA3000B7211EC9AB00AA2EFB /* ChatTableViewCell.swift */; };
		EA4EEA4E211FE84300CE0606 /* OtherChatTableViewCell.swift in Sources */ = {isa = PBXBuildFile; fileRef = EA4EEA4D211FE84300CE0606 /* OtherChatTableViewCell.swift */; };
		EA54094A21203DB200FD4F7E /* TabTwoTeacherDetailViewController.swift in Sources */ = {isa = PBXBuildFile; fileRef = 24BFE531211D397200EF891F /* TabTwoTeacherDetailViewController.swift */; };
		EA54094C21203FF600FD4F7E /* StudentSingleExamChartTableViewController.swift in Sources */ = {isa = PBXBuildFile; fileRef = EA54094B21203FF600FD4F7E /* StudentSingleExamChartTableViewController.swift */; };
		EA76BB95211ECF8B004C5930 /* TeacherAccountTabOneTableViewCell.swift in Sources */ = {isa = PBXBuildFile; fileRef = 24BFE524211D397200EF891F /* TeacherAccountTabOneTableViewCell.swift */; };
		EADF634C211D45570078A429 /* CommonSocket.swift in Sources */ = {isa = PBXBuildFile; fileRef = EADF634B211D45570078A429 /* CommonSocket.swift */; };
		EADF634E211D65500078A429 /* ChatStoryboard.storyboard in Resources */ = {isa = PBXBuildFile; fileRef = EADF634D211D65500078A429 /* ChatStoryboard.storyboard */; };
		EADF6350211D659A0078A429 /* ChatViewController.swift in Sources */ = {isa = PBXBuildFile; fileRef = EADF634F211D659A0078A429 /* ChatViewController.swift */; };
		EADF6354211D71150078A429 /* ChatSelectTableViewCell.swift in Sources */ = {isa = PBXBuildFile; fileRef = EADF6353211D71150078A429 /* ChatSelectTableViewCell.swift */; };
		EADF6356211D72730078A429 /* ChatSelectTableViewController.swift in Sources */ = {isa = PBXBuildFile; fileRef = EADF6355211D72730078A429 /* ChatSelectTableViewController.swift */; };
		ED5777041903CCCB7BF8690B /* (null) in Frameworks */ = {isa = PBXBuildFile; };
/* End PBXBuildFile section */

/* Begin PBXFileReference section */
		0C0EAE16211AD5580059B51E /* StudentExamTVC.swift */ = {isa = PBXFileReference; lastKnownFileType = sourcecode.swift; path = StudentExamTVC.swift; sourceTree = "<group>"; };
		0C0EAE18211AD5680059B51E /* StudentExamQuery.swift */ = {isa = PBXFileReference; lastKnownFileType = sourcecode.swift; path = StudentExamQuery.swift; sourceTree = "<group>"; };
		0C0EAE1A211AD5970059B51E /* StudentExamQueryScore.swift */ = {isa = PBXFileReference; lastKnownFileType = sourcecode.swift; path = StudentExamQueryScore.swift; sourceTree = "<group>"; };
		0C0EAE1C211AD6900059B51E /* StudentExamCell.swift */ = {isa = PBXFileReference; lastKnownFileType = sourcecode.swift; path = StudentExamCell.swift; sourceTree = "<group>"; };
		0C8BA7A5211A8A2F006BC87E /* PopOverViewController.swift */ = {isa = PBXFileReference; lastKnownFileType = sourcecode.swift; path = PopOverViewController.swift; sourceTree = "<group>"; };
		0C8BA7A7211A92BA006BC87E /* popOver.png */ = {isa = PBXFileReference; lastKnownFileType = image.png; path = popOver.png; sourceTree = "<group>"; };
		0CC02E0F2119963F00091EB9 /* search.png */ = {isa = PBXFileReference; lastKnownFileType = image.png; path = search.png; sourceTree = "<group>"; };
		0CF1D58D211A9E840055BF58 /* exam.png */ = {isa = PBXFileReference; lastKnownFileType = image.png; path = exam.png; sourceTree = "<group>"; };
		24BC57AF20FD83DE00002DB0 /* ProjectCP101005Swift.app */ = {isa = PBXFileReference; explicitFileType = wrapper.application; includeInIndex = 0; path = ProjectCP101005Swift.app; sourceTree = BUILT_PRODUCTS_DIR; };
		24BC57B220FD83DE00002DB0 /* AppDelegate.swift */ = {isa = PBXFileReference; lastKnownFileType = sourcecode.swift; path = AppDelegate.swift; sourceTree = "<group>"; };
		24BC57B420FD83DE00002DB0 /* ViewController.swift */ = {isa = PBXFileReference; lastKnownFileType = sourcecode.swift; path = ViewController.swift; sourceTree = "<group>"; };
		24BC57B720FD83DE00002DB0 /* Base */ = {isa = PBXFileReference; lastKnownFileType = file.storyboard; name = Base; path = Base.lproj/Main.storyboard; sourceTree = "<group>"; };
		24BC57B920FD83E100002DB0 /* Assets.xcassets */ = {isa = PBXFileReference; lastKnownFileType = folder.assetcatalog; path = Assets.xcassets; sourceTree = "<group>"; };
		24BC57BC20FD83E100002DB0 /* Base */ = {isa = PBXFileReference; lastKnownFileType = file.storyboard; name = Base; path = Base.lproj/LaunchScreen.storyboard; sourceTree = "<group>"; };
		24BC57BE20FD83E100002DB0 /* Info.plist */ = {isa = PBXFileReference; lastKnownFileType = text.plist.xml; path = Info.plist; sourceTree = "<group>"; };
		24BC57C420FD842300002DB0 /* ProjectCP101005Swift-Bridging-Header.h */ = {isa = PBXFileReference; lastKnownFileType = sourcecode.c.h; path = "ProjectCP101005Swift-Bridging-Header.h"; sourceTree = "<group>"; };
		24BC57C520FD842400002DB0 /* Reachability.m */ = {isa = PBXFileReference; fileEncoding = 4; lastKnownFileType = sourcecode.c.objc; path = Reachability.m; sourceTree = "<group>"; };
		24BC57C620FD842400002DB0 /* Reachability.h */ = {isa = PBXFileReference; fileEncoding = 4; lastKnownFileType = sourcecode.c.h; path = Reachability.h; sourceTree = "<group>"; };
		24BC57C820FD844600002DB0 /* UIImageView+Download.swift */ = {isa = PBXFileReference; fileEncoding = 4; lastKnownFileType = sourcecode.swift; path = "UIImageView+Download.swift"; sourceTree = "<group>"; };
		24BC57C920FD844600002DB0 /* UIImage+Resize.swift */ = {isa = PBXFileReference; fileEncoding = 4; lastKnownFileType = sourcecode.swift; path = "UIImage+Resize.swift"; sourceTree = "<group>"; };
		24BFE524211D397200EF891F /* TeacherAccountTabOneTableViewCell.swift */ = {isa = PBXFileReference; fileEncoding = 4; lastKnownFileType = sourcecode.swift; path = TeacherAccountTabOneTableViewCell.swift; sourceTree = "<group>"; };
		24BFE525211D397200EF891F /* TeacherAccountAddStudnetViewController.swift */ = {isa = PBXFileReference; fileEncoding = 4; lastKnownFileType = sourcecode.swift; path = TeacherAccountAddStudnetViewController.swift; sourceTree = "<group>"; };
		24BFE526211D397200EF891F /* TeacherAccountTabOneAddStudentTableViewCell.swift */ = {isa = PBXFileReference; fileEncoding = 4; lastKnownFileType = sourcecode.swift; path = TeacherAccountTabOneAddStudentTableViewCell.swift; sourceTree = "<group>"; };
		24BFE527211D397200EF891F /* TeacherAccountTabOneViewController.swift */ = {isa = PBXFileReference; fileEncoding = 4; lastKnownFileType = sourcecode.swift; path = TeacherAccountTabOneViewController.swift; sourceTree = "<group>"; };
		24BFE528211D397200EF891F /* TabOneStudentDetailViewController.swift */ = {isa = PBXFileReference; fileEncoding = 4; lastKnownFileType = sourcecode.swift; path = TabOneStudentDetailViewController.swift; sourceTree = "<group>"; };
		24BFE529211D397200EF891F /* TabSwitchViewController.swift */ = {isa = PBXFileReference; fileEncoding = 4; lastKnownFileType = sourcecode.swift; path = TabSwitchViewController.swift; sourceTree = "<group>"; };
		24BFE52A211D397200EF891F /* TeacherAccountClassDetail.storyboard */ = {isa = PBXFileReference; fileEncoding = 4; lastKnownFileType = file.storyboard; path = TeacherAccountClassDetail.storyboard; sourceTree = "<group>"; };
		24BFE52C211D397200EF891F /* TeacherAccountTabTwoViewController.swift */ = {isa = PBXFileReference; fileEncoding = 4; lastKnownFileType = sourcecode.swift; path = TeacherAccountTabTwoViewController.swift; sourceTree = "<group>"; };
		24BFE52D211D397200EF891F /* TeacherAccountSearchTeacherTableViewCell.swift */ = {isa = PBXFileReference; fileEncoding = 4; lastKnownFileType = sourcecode.swift; path = TeacherAccountSearchTeacherTableViewCell.swift; sourceTree = "<group>"; };
		24BFE52E211D397200EF891F /* TeacherAccountSearchTeacherViewController.swift */ = {isa = PBXFileReference; fileEncoding = 4; lastKnownFileType = sourcecode.swift; path = TeacherAccountSearchTeacherViewController.swift; sourceTree = "<group>"; };
		24BFE52F211D397200EF891F /* TeacherAccountTabTwoTableViewCell.swift */ = {isa = PBXFileReference; fileEncoding = 4; lastKnownFileType = sourcecode.swift; path = TeacherAccountTabTwoTableViewCell.swift; sourceTree = "<group>"; };
		24BFE530211D397200EF891F /* TeacherAccountSearcheTeacherViewControllerTableViewCell.swift */ = {isa = PBXFileReference; fileEncoding = 4; lastKnownFileType = sourcecode.swift; path = TeacherAccountSearcheTeacherViewControllerTableViewCell.swift; sourceTree = "<group>"; };
		24BFE531211D397200EF891F /* TabTwoTeacherDetailViewController.swift */ = {isa = PBXFileReference; fileEncoding = 4; lastKnownFileType = sourcecode.swift; path = TabTwoTeacherDetailViewController.swift; sourceTree = "<group>"; };
		24BFE532211D397200EF891F /* TeacherReplaceFileViewController.swift */ = {isa = PBXFileReference; fileEncoding = 4; lastKnownFileType = sourcecode.swift; path = TeacherReplaceFileViewController.swift; sourceTree = "<group>"; };
		24BFE534211D397200EF891F /* CommunicatorWenSing.swift */ = {isa = PBXFileReference; fileEncoding = 4; lastKnownFileType = sourcecode.swift; path = CommunicatorWenSing.swift; sourceTree = "<group>"; };
		24BFE535211D397200EF891F /* UIImageCropper.swift */ = {isa = PBXFileReference; fileEncoding = 4; lastKnownFileType = sourcecode.swift; path = UIImageCropper.swift; sourceTree = "<group>"; };
		24BFE536211D397200EF891F /* CommonURL.swift */ = {isa = PBXFileReference; fileEncoding = 4; lastKnownFileType = sourcecode.swift; path = CommonURL.swift; sourceTree = "<group>"; };
		24BFE537211D397200EF891F /* UIImage+FixOrientation.swift */ = {isa = PBXFileReference; fileEncoding = 4; lastKnownFileType = sourcecode.swift; path = "UIImage+FixOrientation.swift"; sourceTree = "<group>"; };
		24BFE538211D397200EF891F /* StudentDownloader.swift */ = {isa = PBXFileReference; fileEncoding = 4; lastKnownFileType = sourcecode.swift; path = StudentDownloader.swift; sourceTree = "<group>"; };
		24BFE539211D397200EF891F /* Profiles.swift */ = {isa = PBXFileReference; fileEncoding = 4; lastKnownFileType = sourcecode.swift; path = Profiles.swift; sourceTree = "<group>"; };
		24BFE53A211D397200EF891F /* ActionWenSing.swift */ = {isa = PBXFileReference; fileEncoding = 4; lastKnownFileType = sourcecode.swift; path = ActionWenSing.swift; sourceTree = "<group>"; };
		24BFE53B211D397200EF891F /* ImageNotFound.png */ = {isa = PBXFileReference; lastKnownFileType = image.png; path = ImageNotFound.png; sourceTree = "<group>"; };
		33819323E9A5797F55409475 /* Pods_ProjectCP101005Swift.framework */ = {isa = PBXFileReference; explicitFileType = wrapper.framework; includeInIndex = 0; path = Pods_ProjectCP101005Swift.framework; sourceTree = BUILT_PRODUCTS_DIR; };
		78F80C8E07714162F375169D /* Pods-ProjectCP101005Swift.release.xcconfig */ = {isa = PBXFileReference; includeInIndex = 1; lastKnownFileType = text.xcconfig; name = "Pods-ProjectCP101005Swift.release.xcconfig"; path = "Pods/Target Support Files/Pods-ProjectCP101005Swift/Pods-ProjectCP101005Swift.release.xcconfig"; sourceTree = "<group>"; };
		930FC19C210ACB5A00C27FC1 /* LoginViewController.swift */ = {isa = PBXFileReference; lastKnownFileType = sourcecode.swift; path = LoginViewController.swift; sourceTree = "<group>"; };
		930FC19E210ACB7100C27FC1 /* LoginStoryboard.storyboard */ = {isa = PBXFileReference; lastKnownFileType = file.storyboard; path = LoginStoryboard.storyboard; sourceTree = "<group>"; };
		931B49242112E7A100A8CCB9 /* ClassSelecttViewController.swift */ = {isa = PBXFileReference; lastKnownFileType = sourcecode.swift; path = ClassSelecttViewController.swift; sourceTree = "<group>"; };
		931B49262112F59800A8CCB9 /* CoolCellTableViewCell.swift */ = {isa = PBXFileReference; lastKnownFileType = sourcecode.swift; path = CoolCellTableViewCell.swift; sourceTree = "<group>"; };
		9334CBBB2111560C00D7BE6F /* Common.swift */ = {isa = PBXFileReference; lastKnownFileType = sourcecode.swift; path = Common.swift; sourceTree = "<group>"; };
		9334CBBD2111563200D7BE6F /* Communicator.swift */ = {isa = PBXFileReference; lastKnownFileType = sourcecode.swift; path = Communicator.swift; sourceTree = "<group>"; };
		9334CBBF2111565F00D7BE6F /* Account.swift */ = {isa = PBXFileReference; lastKnownFileType = sourcecode.swift; path = Account.swift; sourceTree = "<group>"; };
		9334CBC12111566D00D7BE6F /* Action.swift */ = {isa = PBXFileReference; lastKnownFileType = sourcecode.swift; path = Action.swift; sourceTree = "<group>"; };
		9334CBC6211182A200D7BE6F /* ClassList.swift */ = {isa = PBXFileReference; lastKnownFileType = sourcecode.swift; path = ClassList.swift; sourceTree = "<group>"; };
		9334CBCC2111A26F00D7BE6F /* Corner.swift */ = {isa = PBXFileReference; lastKnownFileType = sourcecode.swift; path = Corner.swift; sourceTree = "<group>"; };
		9334CBD22112AF0300D7BE6F /* RegisterViewController.swift */ = {isa = PBXFileReference; lastKnownFileType = sourcecode.swift; path = RegisterViewController.swift; sourceTree = "<group>"; };
		9F62F00E7848F86CAF2667AF /* Pods-ProjectCP101005Swift.debug.xcconfig */ = {isa = PBXFileReference; includeInIndex = 1; lastKnownFileType = text.xcconfig; name = "Pods-ProjectCP101005Swift.debug.xcconfig"; path = "Pods/Target Support Files/Pods-ProjectCP101005Swift/Pods-ProjectCP101005Swift.debug.xcconfig"; sourceTree = "<group>"; };
		C02F6EA021192E8100A0A2BA /* StudentStoryboard.storyboard */ = {isa = PBXFileReference; fileEncoding = 4; lastKnownFileType = file.storyboard; path = StudentStoryboard.storyboard; sourceTree = "<group>"; };
		C02F6EA221192E8E00A0A2BA /* TeacherStoryboard.storyboard */ = {isa = PBXFileReference; fileEncoding = 4; lastKnownFileType = file.storyboard; path = TeacherStoryboard.storyboard; sourceTree = "<group>"; };
		C02F6EA621192E9D00A0A2BA /* ClassCell.swift */ = {isa = PBXFileReference; fileEncoding = 4; lastKnownFileType = sourcecode.swift; path = ClassCell.swift; sourceTree = "<group>"; };
		C02F6EA721192E9D00A0A2BA /* add1.png */ = {isa = PBXFileReference; lastKnownFileType = image.png; path = add1.png; sourceTree = "<group>"; };
		C02F6EA821192E9D00A0A2BA /* ClassTVC.swift */ = {isa = PBXFileReference; fileEncoding = 4; lastKnownFileType = sourcecode.swift; path = ClassTVC.swift; sourceTree = "<group>"; };
		C02F6EA921192E9D00A0A2BA /* CreateClassViewController.swift */ = {isa = PBXFileReference; fileEncoding = 4; lastKnownFileType = sourcecode.swift; path = CreateClassViewController.swift; sourceTree = "<group>"; };
		C02F6EAA21192E9D00A0A2BA /* CreateSubjectTVC.swift */ = {isa = PBXFileReference; fileEncoding = 4; lastKnownFileType = sourcecode.swift; path = CreateSubjectTVC.swift; sourceTree = "<group>"; };
		C02F6EAB21192E9D00A0A2BA /* ClassJoin&Create.swift */ = {isa = PBXFileReference; fileEncoding = 4; lastKnownFileType = sourcecode.swift; path = "ClassJoin&Create.swift"; sourceTree = "<group>"; };
		C02F6EAD21192E9D00A0A2BA /* BoHan.storyboard */ = {isa = PBXFileReference; fileEncoding = 4; lastKnownFileType = file.storyboard; path = BoHan.storyboard; sourceTree = "<group>"; };
		C02F6EAF21192E9D00A0A2BA /* Cell.swift */ = {isa = PBXFileReference; fileEncoding = 4; lastKnownFileType = sourcecode.swift; path = Cell.swift; sourceTree = "<group>"; };
		C02F6EB021192E9D00A0A2BA /* FirstViewController.swift */ = {isa = PBXFileReference; fileEncoding = 4; lastKnownFileType = sourcecode.swift; path = FirstViewController.swift; sourceTree = "<group>"; };
		C02F6EB121192E9D00A0A2BA /* LoginScoreTVC.swift */ = {isa = PBXFileReference; fileEncoding = 4; lastKnownFileType = sourcecode.swift; path = LoginScoreTVC.swift; sourceTree = "<group>"; };
		C02F6EB221192E9D00A0A2BA /* UpdateScoreTVC.swift */ = {isa = PBXFileReference; fileEncoding = 4; lastKnownFileType = sourcecode.swift; path = UpdateScoreTVC.swift; sourceTree = "<group>"; };
		C02F6EB321192E9D00A0A2BA /* ExamSubjectTVC.swift */ = {isa = PBXFileReference; fileEncoding = 4; lastKnownFileType = sourcecode.swift; path = ExamSubjectTVC.swift; sourceTree = "<group>"; };
		C02F6EB421192E9D00A0A2BA /* analysis.png */ = {isa = PBXFileReference; lastKnownFileType = image.png; path = analysis.png; sourceTree = "<group>"; };
		C02F6EB521192E9D00A0A2BA /* UpdateExamTVC.swift */ = {isa = PBXFileReference; fileEncoding = 4; lastKnownFileType = sourcecode.swift; path = UpdateExamTVC.swift; sourceTree = "<group>"; };
		C02F6EB621192E9D00A0A2BA /* Color.swift */ = {isa = PBXFileReference; fileEncoding = 4; lastKnownFileType = sourcecode.swift; path = Color.swift; sourceTree = "<group>"; };
		C02F6EB721192E9D00A0A2BA /* JoinClassTVC.swift */ = {isa = PBXFileReference; fileEncoding = 4; lastKnownFileType = sourcecode.swift; path = JoinClassTVC.swift; sourceTree = "<group>"; };
		C02F6EB821192E9D00A0A2BA /* TabBarController.swift */ = {isa = PBXFileReference; fileEncoding = 4; lastKnownFileType = sourcecode.swift; path = TabBarController.swift; sourceTree = "<group>"; };
		C02F6EB921192E9D00A0A2BA /* ic_mode_edit_white_24dp.png */ = {isa = PBXFileReference; lastKnownFileType = image.png; path = ic_mode_edit_white_24dp.png; sourceTree = "<group>"; };
		C02F6ECF21192EA400A0A2BA /* StudentInfoEditTableViewController.swift */ = {isa = PBXFileReference; fileEncoding = 4; lastKnownFileType = sourcecode.swift; path = StudentInfoEditTableViewController.swift; sourceTree = "<group>"; };
		C02F6ED021192EA400A0A2BA /* StudentHomeworkTableViewController.swift */ = {isa = PBXFileReference; fileEncoding = 4; lastKnownFileType = sourcecode.swift; path = StudentHomeworkTableViewController.swift; sourceTree = "<group>"; };
		C02F6ED121192EA400A0A2BA /* StudentHomeworkDetailTableViewController.swift */ = {isa = PBXFileReference; fileEncoding = 4; lastKnownFileType = sourcecode.swift; path = StudentHomeworkDetailTableViewController.swift; sourceTree = "<group>"; };
		C02F6ED221192EA400A0A2BA /* StudentInfoTableViewController.swift */ = {isa = PBXFileReference; fileEncoding = 4; lastKnownFileType = sourcecode.swift; path = StudentInfoTableViewController.swift; sourceTree = "<group>"; };
		C02F6ED421192EA400A0A2BA /* MingTaCommon.swift */ = {isa = PBXFileReference; fileEncoding = 4; lastKnownFileType = sourcecode.swift; path = MingTaCommon.swift; sourceTree = "<group>"; };
		C02F6ED521192EA400A0A2BA /* HomeworkSectionHeaderCell.swift */ = {isa = PBXFileReference; fileEncoding = 4; lastKnownFileType = sourcecode.swift; path = HomeworkSectionHeaderCell.swift; sourceTree = "<group>"; };
		C02F6ED621192EA400A0A2BA /* MingTaCommunicator.swift */ = {isa = PBXFileReference; fileEncoding = 4; lastKnownFileType = sourcecode.swift; path = MingTaCommunicator.swift; sourceTree = "<group>"; };
		C02F6ED721192EA400A0A2BA /* HomeworkDetailTableViewCell.swift */ = {isa = PBXFileReference; fileEncoding = 4; lastKnownFileType = sourcecode.swift; path = HomeworkDetailTableViewCell.swift; sourceTree = "<group>"; };
		C02F6ED821192EA400A0A2BA /* HomeworkCheckTableViewCell.swift */ = {isa = PBXFileReference; fileEncoding = 4; lastKnownFileType = sourcecode.swift; path = HomeworkCheckTableViewCell.swift; sourceTree = "<group>"; };
		C02F6ED921192EA400A0A2BA /* MingTaStoryboard.storyboard */ = {isa = PBXFileReference; fileEncoding = 4; lastKnownFileType = file.storyboard; path = MingTaStoryboard.storyboard; sourceTree = "<group>"; };
		C02F6EDB21192EA400A0A2BA /* Homework.swift */ = {isa = PBXFileReference; fileEncoding = 4; lastKnownFileType = sourcecode.swift; path = Homework.swift; sourceTree = "<group>"; };
		C02F6EDC21192EA400A0A2BA /* HomeworkIsDone.swift */ = {isa = PBXFileReference; fileEncoding = 4; lastKnownFileType = sourcecode.swift; path = HomeworkIsDone.swift; sourceTree = "<group>"; };
		C02F6EDD21192EA400A0A2BA /* HomeworkCheck.swift */ = {isa = PBXFileReference; fileEncoding = 4; lastKnownFileType = sourcecode.swift; path = HomeworkCheck.swift; sourceTree = "<group>"; };
		C02F6EDE21192EA400A0A2BA /* Student.swift */ = {isa = PBXFileReference; fileEncoding = 4; lastKnownFileType = sourcecode.swift; path = Student.swift; sourceTree = "<group>"; };
		C02F6EE021192EA400A0A2BA /* TeacherHomeworkUpdateTableViewController.swift */ = {isa = PBXFileReference; fileEncoding = 4; lastKnownFileType = sourcecode.swift; path = TeacherHomeworkUpdateTableViewController.swift; sourceTree = "<group>"; };
		C02F6EE121192EA400A0A2BA /* TeacherHomeworkCheckTableViewController.swift */ = {isa = PBXFileReference; fileEncoding = 4; lastKnownFileType = sourcecode.swift; path = TeacherHomeworkCheckTableViewController.swift; sourceTree = "<group>"; };
		C02F6EE221192EA400A0A2BA /* TeacherHomeworkTableViewController.swift */ = {isa = PBXFileReference; fileEncoding = 4; lastKnownFileType = sourcecode.swift; path = TeacherHomeworkTableViewController.swift; sourceTree = "<group>"; };
		C02F6EE321192EA400A0A2BA /* TeacherHomeworkContainerViewController.swift */ = {isa = PBXFileReference; fileEncoding = 4; lastKnownFileType = sourcecode.swift; path = TeacherHomeworkContainerViewController.swift; sourceTree = "<group>"; };
		C02F6EE421192EA400A0A2BA /* TeacherHomeworkInsertTableViewController.swift */ = {isa = PBXFileReference; fileEncoding = 4; lastKnownFileType = sourcecode.swift; path = TeacherHomeworkInsertTableViewController.swift; sourceTree = "<group>"; };
		C03381CA2118537A00D55EAE /* .gitignore */ = {isa = PBXFileReference; fileEncoding = 4; lastKnownFileType = text; path = .gitignore; sourceTree = "<group>"; };
		C0AA28CE211941B6003121A7 /* TeacherSingleExamChartsTableViewController.swift */ = {isa = PBXFileReference; lastKnownFileType = sourcecode.swift; path = TeacherSingleExamChartsTableViewController.swift; sourceTree = "<group>"; };
		C0AA28D021195029003121A7 /* ChartFormatter.swift */ = {isa = PBXFileReference; lastKnownFileType = sourcecode.swift; path = ChartFormatter.swift; sourceTree = "<group>"; };
		EA230E3C2121361800E212B5 /* SetTitleTeacherTabBarViewController.swift */ = {isa = PBXFileReference; lastKnownFileType = sourcecode.swift; path = SetTitleTeacherTabBarViewController.swift; sourceTree = "<group>"; };
		EA3000B7211EC9AB00AA2EFB /* ChatTableViewCell.swift */ = {isa = PBXFileReference; lastKnownFileType = sourcecode.swift; path = ChatTableViewCell.swift; sourceTree = "<group>"; };
		EA4EEA4D211FE84300CE0606 /* OtherChatTableViewCell.swift */ = {isa = PBXFileReference; lastKnownFileType = sourcecode.swift; path = OtherChatTableViewCell.swift; sourceTree = "<group>"; };
		EA54094B21203FF600FD4F7E /* StudentSingleExamChartTableViewController.swift */ = {isa = PBXFileReference; fileEncoding = 4; lastKnownFileType = sourcecode.swift; path = StudentSingleExamChartTableViewController.swift; sourceTree = "<group>"; };
		EADF634B211D45570078A429 /* CommonSocket.swift */ = {isa = PBXFileReference; lastKnownFileType = sourcecode.swift; path = CommonSocket.swift; sourceTree = "<group>"; };
		EADF634D211D65500078A429 /* ChatStoryboard.storyboard */ = {isa = PBXFileReference; lastKnownFileType = file.storyboard; path = ChatStoryboard.storyboard; sourceTree = "<group>"; };
		EADF634F211D659A0078A429 /* ChatViewController.swift */ = {isa = PBXFileReference; lastKnownFileType = sourcecode.swift; path = ChatViewController.swift; sourceTree = "<group>"; };
		EADF6353211D71150078A429 /* ChatSelectTableViewCell.swift */ = {isa = PBXFileReference; lastKnownFileType = sourcecode.swift; path = ChatSelectTableViewCell.swift; sourceTree = "<group>"; };
		EADF6355211D72730078A429 /* ChatSelectTableViewController.swift */ = {isa = PBXFileReference; lastKnownFileType = sourcecode.swift; path = ChatSelectTableViewController.swift; sourceTree = "<group>"; };
/* End PBXFileReference section */

/* Begin PBXFrameworksBuildPhase section */
        24BC57AC20FD83DE00002DB0 /* Frameworks */ = {
            isa = PBXFrameworksBuildPhase;
            buildActionMask = 2147483647;
            files = (
                ED5777041903CCCB7BF8690B /* (null) in Frameworks */,
                A47F048428F1E138F79899FC /* Pods_ProjectCP101005Swift.framework in Frameworks */,
            );
            runOnlyForDeploymentPostprocessing = 0;
        };
/* End PBXFrameworksBuildPhase section */

/* Begin PBXGroup section */
		0C0EAE15211AD2E00059B51E /* StudentExam */ = {
			isa = PBXGroup;
			children = (
				0C0EAE16211AD5580059B51E /* StudentExamTVC.swift */,
				0C0EAE1C211AD6900059B51E /* StudentExamCell.swift */,
				0C0EAE18211AD5680059B51E /* StudentExamQuery.swift */,
				0C0EAE1A211AD5970059B51E /* StudentExamQueryScore.swift */,
			);
			path = StudentExam;
			sourceTree = "<group>";
		};
		24BC57A620FD83DE00002DB0 = {
			isa = PBXGroup;
			children = (
				24BC57B120FD83DE00002DB0 /* ProjectCP101005Swift */,
				24BC57B020FD83DE00002DB0 /* Products */,
				C03381CA2118537A00D55EAE /* .gitignore */,
				A98DB822298BBECB923B34B5 /* Pods */,
				EE55AC52C6D0A06D487EA4A7 /* Frameworks */,
			);
			sourceTree = "<group>";
		};
		24BC57B020FD83DE00002DB0 /* Products */ = {
			isa = PBXGroup;
			children = (
				24BC57AF20FD83DE00002DB0 /* ProjectCP101005Swift.app */,
			);
			name = Products;
			sourceTree = "<group>";
		};
		24BC57B120FD83DE00002DB0 /* ProjectCP101005Swift */ = {
			isa = PBXGroup;
			children = (
				C02F6ECD21192EA400A0A2BA /* MingTa */,
				C02F6EA421192E9D00A0A2BA /* BoHan */,
				24BFE522211D397200EF891F /* WenSing */,
				9334CBC52111825500D7BE6F /* ClassList */,
				930FC19B210ACB1A00C27FC1 /* Login */,
				EADF630E211D3C630078A429 /* chat */,
				24BC57CC20FD845200002DB0 /* New Group */,
				24BC57C620FD842400002DB0 /* Reachability.h */,
				24BC57C520FD842400002DB0 /* Reachability.m */,
				24BC57B220FD83DE00002DB0 /* AppDelegate.swift */,
				24BC57B420FD83DE00002DB0 /* ViewController.swift */,
				24BC57B620FD83DE00002DB0 /* Main.storyboard */,
				C02F6EA021192E8100A0A2BA /* StudentStoryboard.storyboard */,
				EA230E3C2121361800E212B5 /* SetTitleTeacherTabBarViewController.swift */,
				C02F6EA221192E8E00A0A2BA /* TeacherStoryboard.storyboard */,
				24BC57B920FD83E100002DB0 /* Assets.xcassets */,
				0C8BA7A7211A92BA006BC87E /* popOver.png */,
				24BC57BB20FD83E100002DB0 /* LaunchScreen.storyboard */,
				24BC57BE20FD83E100002DB0 /* Info.plist */,
				24BC57C420FD842300002DB0 /* ProjectCP101005Swift-Bridging-Header.h */,
			);
			path = ProjectCP101005Swift;
			sourceTree = "<group>";
		};
		24BC57CC20FD845200002DB0 /* New Group */ = {
			isa = PBXGroup;
			children = (
				24BC57CD20FD845F00002DB0 /* CommonParts */,
			);
			path = "New Group";
			sourceTree = "<group>";
		};
		24BC57CD20FD845F00002DB0 /* CommonParts */ = {
			isa = PBXGroup;
			children = (
				24BC57C920FD844600002DB0 /* UIImage+Resize.swift */,
				24BC57C820FD844600002DB0 /* UIImageView+Download.swift */,
			);
			path = CommonParts;
			sourceTree = "<group>";
		};
		24BFE522211D397200EF891F /* WenSing */ = {
			isa = PBXGroup;
			children = (
				24BFE52A211D397200EF891F /* TeacherAccountClassDetail.storyboard */,
				24BFE529211D397200EF891F /* TabSwitchViewController.swift */,
				24BFE532211D397200EF891F /* TeacherReplaceFileViewController.swift */,
				24BFE53B211D397200EF891F /* ImageNotFound.png */,
				24BFE523211D397200EF891F /* TeacherTabOne */,
				24BFE52B211D397200EF891F /* TeacherTabTwo */,
				24BFE533211D397200EF891F /* Common */,
			);
			path = WenSing;
			sourceTree = "<group>";
		};
		24BFE523211D397200EF891F /* TeacherTabOne */ = {
			isa = PBXGroup;
			children = (
				24BFE524211D397200EF891F /* TeacherAccountTabOneTableViewCell.swift */,
				24BFE525211D397200EF891F /* TeacherAccountAddStudnetViewController.swift */,
				24BFE526211D397200EF891F /* TeacherAccountTabOneAddStudentTableViewCell.swift */,
				24BFE527211D397200EF891F /* TeacherAccountTabOneViewController.swift */,
				24BFE528211D397200EF891F /* TabOneStudentDetailViewController.swift */,
			);
			path = TeacherTabOne;
			sourceTree = "<group>";
		};
		24BFE52B211D397200EF891F /* TeacherTabTwo */ = {
			isa = PBXGroup;
			children = (
				24BFE52C211D397200EF891F /* TeacherAccountTabTwoViewController.swift */,
				24BFE52D211D397200EF891F /* TeacherAccountSearchTeacherTableViewCell.swift */,
				24BFE52E211D397200EF891F /* TeacherAccountSearchTeacherViewController.swift */,
				24BFE52F211D397200EF891F /* TeacherAccountTabTwoTableViewCell.swift */,
				24BFE530211D397200EF891F /* TeacherAccountSearcheTeacherViewControllerTableViewCell.swift */,
				24BFE531211D397200EF891F /* TabTwoTeacherDetailViewController.swift */,
			);
			path = TeacherTabTwo;
			sourceTree = "<group>";
		};
		24BFE533211D397200EF891F /* Common */ = {
			isa = PBXGroup;
			children = (
				24BFE534211D397200EF891F /* CommunicatorWenSing.swift */,
				24BFE535211D397200EF891F /* UIImageCropper.swift */,
				24BFE536211D397200EF891F /* CommonURL.swift */,
				24BFE537211D397200EF891F /* UIImage+FixOrientation.swift */,
				24BFE538211D397200EF891F /* StudentDownloader.swift */,
				24BFE539211D397200EF891F /* Profiles.swift */,
				24BFE53A211D397200EF891F /* ActionWenSing.swift */,
			);
			path = Common;
			sourceTree = "<group>";
		};
		930FC19B210ACB1A00C27FC1 /* Login */ = {
			isa = PBXGroup;
			children = (
				930FC19C210ACB5A00C27FC1 /* LoginViewController.swift */,
				930FC19E210ACB7100C27FC1 /* LoginStoryboard.storyboard */,
				9334CBD22112AF0300D7BE6F /* RegisterViewController.swift */,
				9334CBBB2111560C00D7BE6F /* Common.swift */,
				9334CBBD2111563200D7BE6F /* Communicator.swift */,
				9334CBBF2111565F00D7BE6F /* Account.swift */,
				9334CBC12111566D00D7BE6F /* Action.swift */,
				0C8BA7A5211A8A2F006BC87E /* PopOverViewController.swift */,
			);
			path = Login;
			sourceTree = "<group>";
		};
		9334CBC52111825500D7BE6F /* ClassList */ = {
			isa = PBXGroup;
			children = (
				931B49262112F59800A8CCB9 /* CoolCellTableViewCell.swift */,
				931B49242112E7A100A8CCB9 /* ClassSelecttViewController.swift */,
				9334CBCC2111A26F00D7BE6F /* Corner.swift */,
				9334CBC6211182A200D7BE6F /* ClassList.swift */,
			);
			path = ClassList;
			sourceTree = "<group>";
		};
		A98DB822298BBECB923B34B5 /* Pods */ = {
			isa = PBXGroup;
			children = (
				9F62F00E7848F86CAF2667AF /* Pods-ProjectCP101005Swift.debug.xcconfig */,
				78F80C8E07714162F375169D /* Pods-ProjectCP101005Swift.release.xcconfig */,
			);
			name = Pods;
			sourceTree = "<group>";
		};
		C02F6EA421192E9D00A0A2BA /* BoHan */ = {
			isa = PBXGroup;
			children = (
				C02F6EAD21192E9D00A0A2BA /* BoHan.storyboard */,
				0C0EAE15211AD2E00059B51E /* StudentExam */,
				C02F6EA521192E9D00A0A2BA /* Class */,
				C02F6EAE21192E9D00A0A2BA /* Exam */,
			);
			path = BoHan;
			sourceTree = "<group>";
		};
		C02F6EA521192E9D00A0A2BA /* Class */ = {
			isa = PBXGroup;
			children = (
				C02F6EA621192E9D00A0A2BA /* ClassCell.swift */,
				C02F6EA821192E9D00A0A2BA /* ClassTVC.swift */,
				C02F6EA921192E9D00A0A2BA /* CreateClassViewController.swift */,
				C02F6EAB21192E9D00A0A2BA /* ClassJoin&Create.swift */,
				C02F6EB721192E9D00A0A2BA /* JoinClassTVC.swift */,
				C02F6EA721192E9D00A0A2BA /* add1.png */,
				0CC02E0F2119963F00091EB9 /* search.png */,
			);
			path = Class;
			sourceTree = "<group>";
		};
		C02F6EAE21192E9D00A0A2BA /* Exam */ = {
			isa = PBXGroup;
			children = (
				C02F6EAA21192E9D00A0A2BA /* CreateSubjectTVC.swift */,
				C02F6EB121192E9D00A0A2BA /* LoginScoreTVC.swift */,
				C02F6EB321192E9D00A0A2BA /* ExamSubjectTVC.swift */,
				C02F6EAF21192E9D00A0A2BA /* Cell.swift */,
				C02F6EB021192E9D00A0A2BA /* FirstViewController.swift */,
				C02F6EB221192E9D00A0A2BA /* UpdateScoreTVC.swift */,
				C02F6EB521192E9D00A0A2BA /* UpdateExamTVC.swift */,
				C02F6EB621192E9D00A0A2BA /* Color.swift */,
				C02F6EB821192E9D00A0A2BA /* TabBarController.swift */,
				0CF1D58D211A9E840055BF58 /* exam.png */,
				C02F6EB421192E9D00A0A2BA /* analysis.png */,
				C02F6EB921192E9D00A0A2BA /* ic_mode_edit_white_24dp.png */,
			);
			path = Exam;
			sourceTree = "<group>";
		};
		C02F6ECD21192EA400A0A2BA /* MingTa */ = {
			isa = PBXGroup;
			children = (
				C02F6ED921192EA400A0A2BA /* MingTaStoryboard.storyboard */,
				C0AA28CD21194189003121A7 /* Charts */,
				C02F6ECE21192EA400A0A2BA /* Student */,
				C02F6ED321192EA400A0A2BA /* Common */,
				C02F6EDA21192EA400A0A2BA /* DataSwift */,
				C02F6EDF21192EA400A0A2BA /* Teacher */,
			);
			path = MingTa;
			sourceTree = "<group>";
		};
		C02F6ECE21192EA400A0A2BA /* Student */ = {
			isa = PBXGroup;
			children = (
				C02F6ECF21192EA400A0A2BA /* StudentInfoEditTableViewController.swift */,
				C02F6ED021192EA400A0A2BA /* StudentHomeworkTableViewController.swift */,
				C02F6ED121192EA400A0A2BA /* StudentHomeworkDetailTableViewController.swift */,
				C02F6ED221192EA400A0A2BA /* StudentInfoTableViewController.swift */,
			);
			path = Student;
			sourceTree = "<group>";
		};
		C02F6ED321192EA400A0A2BA /* Common */ = {
			isa = PBXGroup;
			children = (
				C02F6ED421192EA400A0A2BA /* MingTaCommon.swift */,
				C02F6ED521192EA400A0A2BA /* HomeworkSectionHeaderCell.swift */,
				C02F6ED621192EA400A0A2BA /* MingTaCommunicator.swift */,
				C02F6ED721192EA400A0A2BA /* HomeworkDetailTableViewCell.swift */,
				C02F6ED821192EA400A0A2BA /* HomeworkCheckTableViewCell.swift */,
			);
			path = Common;
			sourceTree = "<group>";
		};
		C02F6EDA21192EA400A0A2BA /* DataSwift */ = {
			isa = PBXGroup;
			children = (
				C02F6EDB21192EA400A0A2BA /* Homework.swift */,
				C02F6EDC21192EA400A0A2BA /* HomeworkIsDone.swift */,
				C02F6EDD21192EA400A0A2BA /* HomeworkCheck.swift */,
				C02F6EDE21192EA400A0A2BA /* Student.swift */,
			);
			path = DataSwift;
			sourceTree = "<group>";
		};
		C02F6EDF21192EA400A0A2BA /* Teacher */ = {
			isa = PBXGroup;
			children = (
				C02F6EE021192EA400A0A2BA /* TeacherHomeworkUpdateTableViewController.swift */,
				C02F6EE121192EA400A0A2BA /* TeacherHomeworkCheckTableViewController.swift */,
				C02F6EE221192EA400A0A2BA /* TeacherHomeworkTableViewController.swift */,
				C02F6EE321192EA400A0A2BA /* TeacherHomeworkContainerViewController.swift */,
				C02F6EE421192EA400A0A2BA /* TeacherHomeworkInsertTableViewController.swift */,
			);
			path = Teacher;
			sourceTree = "<group>";
		};
		C0AA28CD21194189003121A7 /* Charts */ = {
			isa = PBXGroup;
			children = (
				EA54094B21203FF600FD4F7E /* StudentSingleExamChartTableViewController.swift */,
				C0AA28CE211941B6003121A7 /* TeacherSingleExamChartsTableViewController.swift */,
				C0AA28D021195029003121A7 /* ChartFormatter.swift */,
			);
			path = Charts;
			sourceTree = "<group>";
		};
		EADF630E211D3C630078A429 /* chat */ = {
			isa = PBXGroup;
			children = (
				EADF634B211D45570078A429 /* CommonSocket.swift */,
				EADF6353211D71150078A429 /* ChatSelectTableViewCell.swift */,
				EADF6355211D72730078A429 /* ChatSelectTableViewController.swift */,
				EADF634F211D659A0078A429 /* ChatViewController.swift */,
				EADF634D211D65500078A429 /* ChatStoryboard.storyboard */,
				EA4EEA4D211FE84300CE0606 /* OtherChatTableViewCell.swift */,
				EA3000B7211EC9AB00AA2EFB /* ChatTableViewCell.swift */,
			);
			path = chat;
			sourceTree = "<group>";
		};
		EE55AC52C6D0A06D487EA4A7 /* Frameworks */ = {
			isa = PBXGroup;
			children = (
				33819323E9A5797F55409475 /* Pods_ProjectCP101005Swift.framework */,
			);
			name = Frameworks;
			sourceTree = "<group>";
		};
/* End PBXGroup section */

/* Begin PBXNativeTarget section */
        24BC57AE20FD83DE00002DB0 /* ProjectCP101005Swift */ = {
            isa = PBXNativeTarget;
            buildConfigurationList = 24BC57C120FD83E100002DB0 /* Build configuration list for PBXNativeTarget "ProjectCP101005Swift" */;
            buildPhases = (
                602F3BF6E6821A983384CAA6 /* [CP] Check Pods Manifest.lock */,
                24BC57AB20FD83DE00002DB0 /* Sources */,
                24BC57AC20FD83DE00002DB0 /* Frameworks */,
                24BC57AD20FD83DE00002DB0 /* Resources */,
                939486C1B03D355898DF63F4 /* [CP] Embed Pods Frameworks */,
            );
            buildRules = (
            );
            dependencies = (
            );
            name = ProjectCP101005Swift;
            productName = ProjectCP101005Swift;
            productReference = 24BC57AF20FD83DE00002DB0 /* ProjectCP101005Swift.app */;
            productType = "com.apple.product-type.application";
        };
/* End PBXNativeTarget section */

/* Begin PBXProject section */
        24BC57A720FD83DE00002DB0 /* Project object */ = {
            isa = PBXProject;
            attributes = {
                LastSwiftUpdateCheck = 0940;
                LastUpgradeCheck = 0940;
                ORGANIZATIONNAME = "楊文興";
                TargetAttributes = {
                    24BC57AE20FD83DE00002DB0 = {
                        CreatedOnToolsVersion = 9.4.1;
                        LastSwiftMigration = 0940;
                    };
                };
            };
            buildConfigurationList = 24BC57AA20FD83DE00002DB0 /* Build configuration list for PBXProject "ProjectCP101005Swift" */;
            compatibilityVersion = "Xcode 9.3";
            developmentRegion = en;
            hasScannedForEncodings = 0;
            knownRegions = (
                en,
                Base,
            );
            mainGroup = 24BC57A620FD83DE00002DB0;
            productRefGroup = 24BC57B020FD83DE00002DB0 /* Products */;
            projectDirPath = "";
            projectRoot = "";
            targets = (
                24BC57AE20FD83DE00002DB0 /* ProjectCP101005Swift */,
            );
        };
/* End PBXProject section */

/* Begin PBXResourcesBuildPhase section */
        24BC57AD20FD83DE00002DB0 /* Resources */ = {
            isa = PBXResourcesBuildPhase;
            buildActionMask = 2147483647;
            files = (
                24BC57BD20FD83E100002DB0 /* LaunchScreen.storyboard in Resources */,
                C02F6EA321192E8E00A0A2BA /* TeacherStoryboard.storyboard in Resources */,
                24BC57BA20FD83E100002DB0 /* Assets.xcassets in Resources */,
                C02F6EA121192E8200A0A2BA /* StudentStoryboard.storyboard in Resources */,
                EADF634E211D65500078A429 /* ChatStoryboard.storyboard in Resources */,
                24BC57B820FD83DE00002DB0 /* Main.storyboard in Resources */,
                C02F6EBB21192E9E00A0A2BA /* add1.png in Resources */,
                C02F6EEE21192EA400A0A2BA /* MingTaStoryboard.storyboard in Resources */,
                24BFE543211D397300EF891F /* TeacherAccountClassDetail.storyboard in Resources */,
                C02F6EC721192E9E00A0A2BA /* analysis.png in Resources */,
                C02F6ECC21192E9E00A0A2BA /* ic_mode_edit_white_24dp.png in Resources */,
                0CC02E102119964000091EB9 /* search.png in Resources */,
                0CF1D58E211A9E850055BF58 /* exam.png in Resources */,
                930FC19F210ACB7100C27FC1 /* LoginStoryboard.storyboard in Resources */,
                C03381CB2118537A00D55EAE /* .gitignore in Resources */,
                C02F6EC121192E9E00A0A2BA /* BoHan.storyboard in Resources */,
            );
            runOnlyForDeploymentPostprocessing = 0;
        };
/* End PBXResourcesBuildPhase section */

/* Begin PBXShellScriptBuildPhase section */
        602F3BF6E6821A983384CAA6 /* [CP] Check Pods Manifest.lock */ = {
            isa = PBXShellScriptBuildPhase;
            buildActionMask = 2147483647;
            files = (
            );
            inputPaths = (
                "${PODS_PODFILE_DIR_PATH}/Podfile.lock",
                "${PODS_ROOT}/Manifest.lock",
            );
            name = "[CP] Check Pods Manifest.lock";
            outputPaths = (
                "$(DERIVED_FILE_DIR)/Pods-ProjectCP101005Swift-checkManifestLockResult.txt",
            );
            runOnlyForDeploymentPostprocessing = 0;
            shellPath = /bin/sh;
            shellScript = "diff \"${PODS_PODFILE_DIR_PATH}/Podfile.lock\" \"${PODS_ROOT}/Manifest.lock\" > /dev/null\nif [ $? != 0 ] ; then\n    # print error to STDERR\n    echo \"error: The sandbox is not in sync with the Podfile.lock. Run 'pod install' or update your CocoaPods installation.\" >&2\n    exit 1\nfi\n# This output is used by Xcode 'outputs' to avoid re-running this script phase.\necho \"SUCCESS\" > \"${SCRIPT_OUTPUT_FILE_0}\"\n";
            showEnvVarsInLog = 0;
        };
        939486C1B03D355898DF63F4 /* [CP] Embed Pods Frameworks */ = {
            isa = PBXShellScriptBuildPhase;
            buildActionMask = 2147483647;
            files = (
            );
            inputPaths = (
                "${SRCROOT}/Pods/Target Support Files/Pods-ProjectCP101005Swift/Pods-ProjectCP101005Swift-frameworks.sh",
                "${BUILT_PRODUCTS_DIR}/Charts/Charts.framework",
                "${BUILT_PRODUCTS_DIR}/Starscream/Starscream.framework",
            );
            name = "[CP] Embed Pods Frameworks";
            outputPaths = (
                "${TARGET_BUILD_DIR}/${FRAMEWORKS_FOLDER_PATH}/Charts.framework",
                "${TARGET_BUILD_DIR}/${FRAMEWORKS_FOLDER_PATH}/Starscream.framework",
            );
            runOnlyForDeploymentPostprocessing = 0;
            shellPath = /bin/sh;
            shellScript = "\"${SRCROOT}/Pods/Target Support Files/Pods-ProjectCP101005Swift/Pods-ProjectCP101005Swift-frameworks.sh\"\n";
            showEnvVarsInLog = 0;
        };
/* End PBXShellScriptBuildPhase section */

/* Begin PBXSourcesBuildPhase section */
		24BC57AB20FD83DE00002DB0 /* Sources */ = {
			isa = PBXSourcesBuildPhase;
			buildActionMask = 2147483647;
			files = (
				EA54094A21203DB200FD4F7E /* TabTwoTeacherDetailViewController.swift in Sources */,
				EA76BB95211ECF8B004C5930 /* TeacherAccountTabOneTableViewCell.swift in Sources */,
				C02F6EBA21192E9E00A0A2BA /* ClassCell.swift in Sources */,
				930FC19D210ACB5A00C27FC1 /* LoginViewController.swift in Sources */,
				C02F6EF521192EA400A0A2BA /* TeacherHomeworkTableViewController.swift in Sources */,
				C02F6EC221192E9E00A0A2BA /* Cell.swift in Sources */,
				24BFE542211D397300EF891F /* TabSwitchViewController.swift in Sources */,
				C02F6EC421192E9E00A0A2BA /* LoginScoreTVC.swift in Sources */,
				24BFE53F211D397300EF891F /* TeacherAccountTabOneAddStudentTableViewCell.swift in Sources */,
				24BFE54C211D397300EF891F /* UIImageCropper.swift in Sources */,
				24BFE54F211D397300EF891F /* StudentDownloader.swift in Sources */,
				24BFE54E211D397300EF891F /* UIImage+FixOrientation.swift in Sources */,
				C02F6EF721192EA400A0A2BA /* TeacherHomeworkInsertTableViewController.swift in Sources */,
				C02F6EEB21192EA400A0A2BA /* MingTaCommunicator.swift in Sources */,
				C02F6EE921192EA400A0A2BA /* MingTaCommon.swift in Sources */,
				C02F6ECA21192E9E00A0A2BA /* JoinClassTVC.swift in Sources */,
				24BC57CA20FD844600002DB0 /* UIImageView+Download.swift in Sources */,
				EADF6350211D659A0078A429 /* ChatViewController.swift in Sources */,
				24BC57B520FD83DE00002DB0 /* ViewController.swift in Sources */,
				C02F6EF421192EA400A0A2BA /* TeacherHomeworkCheckTableViewController.swift in Sources */,
				9334CBC22111566D00D7BE6F /* Action.swift in Sources */,
				C02F6EF321192EA400A0A2BA /* TeacherHomeworkUpdateTableViewController.swift in Sources */,
				EADF634C211D45570078A429 /* CommonSocket.swift in Sources */,
				C02F6EBC21192E9E00A0A2BA /* ClassTVC.swift in Sources */,
				24BC57C720FD842400002DB0 /* Reachability.m in Sources */,
				24BFE545211D397300EF891F /* TeacherAccountSearchTeacherTableViewCell.swift in Sources */,
				C0AA28CF211941B6003121A7 /* TeacherSingleExamChartsTableViewController.swift in Sources */,
				EA230E3D2121361800E212B5 /* SetTitleTeacherTabBarViewController.swift in Sources */,
				24BFE550211D397300EF891F /* Profiles.swift in Sources */,
				24BC57CB20FD844600002DB0 /* UIImage+Resize.swift in Sources */,
				EADF6354211D71150078A429 /* ChatSelectTableViewCell.swift in Sources */,
				C02F6EE521192EA400A0A2BA /* StudentInfoEditTableViewController.swift in Sources */,
				EA3000B8211EC9AB00AA2EFB /* ChatTableViewCell.swift in Sources */,
				9334CBC02111565F00D7BE6F /* Account.swift in Sources */,
				C02F6EC821192E9E00A0A2BA /* UpdateExamTVC.swift in Sources */,
				C02F6EE821192EA400A0A2BA /* StudentInfoTableViewController.swift in Sources */,
				24BFE540211D397300EF891F /* TeacherAccountTabOneViewController.swift in Sources */,
				C02F6EBE21192E9E00A0A2BA /* CreateSubjectTVC.swift in Sources */,
				24BFE54A211D397300EF891F /* TeacherReplaceFileViewController.swift in Sources */,
				9334CBD32112AF0300D7BE6F /* RegisterViewController.swift in Sources */,
				C02F6EF221192EA400A0A2BA /* Student.swift in Sources */,
				9334CBC7211182A200D7BE6F /* ClassList.swift in Sources */,
				24BFE547211D397300EF891F /* TeacherAccountTabTwoTableViewCell.swift in Sources */,
				24BFE544211D397300EF891F /* TeacherAccountTabTwoViewController.swift in Sources */,
				9334CBCD2111A26F00D7BE6F /* Corner.swift in Sources */,
				931B49252112E7A100A8CCB9 /* ClassSelecttViewController.swift in Sources */,
				C02F6EED21192EA400A0A2BA /* HomeworkCheckTableViewCell.swift in Sources */,
				0C0EAE19211AD5680059B51E /* StudentExamQuery.swift in Sources */,
				24BFE53E211D397200EF891F /* TeacherAccountAddStudnetViewController.swift in Sources */,
				C02F6EEC21192EA400A0A2BA /* HomeworkDetailTableViewCell.swift in Sources */,
				C02F6EE621192EA400A0A2BA /* StudentHomeworkTableViewController.swift in Sources */,
				C02F6EC921192E9E00A0A2BA /* Color.swift in Sources */,
				C0AA28D121195029003121A7 /* ChartFormatter.swift in Sources */,
				24BFE541211D397300EF891F /* TabOneStudentDetailViewController.swift in Sources */,
				24BFE54D211D397300EF891F /* CommonURL.swift in Sources */,
				C02F6EEA21192EA400A0A2BA /* HomeworkSectionHeaderCell.swift in Sources */,
				24BFE551211D397300EF891F /* ActionWenSing.swift in Sources */,
				0C8BA7A6211A8A2F006BC87E /* PopOverViewController.swift in Sources */,
				0C0EAE1D211AD6900059B51E /* StudentExamCell.swift in Sources */,
				24BFE54B211D397300EF891F /* CommunicatorWenSing.swift in Sources */,
				C02F6EF121192EA400A0A2BA /* HomeworkCheck.swift in Sources */,
				EA4EEA4E211FE84300CE0606 /* OtherChatTableViewCell.swift in Sources */,
				EADF6356211D72730078A429 /* ChatSelectTableViewController.swift in Sources */,
				24BC57B320FD83DE00002DB0 /* AppDelegate.swift in Sources */,
				C02F6EE721192EA400A0A2BA /* StudentHomeworkDetailTableViewController.swift in Sources */,
				C02F6EF021192EA400A0A2BA /* HomeworkIsDone.swift in Sources */,
				C02F6EEF21192EA400A0A2BA /* Homework.swift in Sources */,
				9334CBBE2111563200D7BE6F /* Communicator.swift in Sources */,
				9334CBBC2111560C00D7BE6F /* Common.swift in Sources */,
				C02F6EC521192E9E00A0A2BA /* UpdateScoreTVC.swift in Sources */,
				C02F6EF621192EA400A0A2BA /* TeacherHomeworkContainerViewController.swift in Sources */,
				24BFE546211D397300EF891F /* TeacherAccountSearchTeacherViewController.swift in Sources */,
				C02F6ECB21192E9E00A0A2BA /* TabBarController.swift in Sources */,
				C02F6EBF21192E9E00A0A2BA /* ClassJoin&Create.swift in Sources */,
				931B49272112F59800A8CCB9 /* CoolCellTableViewCell.swift in Sources */,
				0C0EAE17211AD5580059B51E /* StudentExamTVC.swift in Sources */,
				24BFE548211D397300EF891F /* TeacherAccountSearcheTeacherViewControllerTableViewCell.swift in Sources */,
				C02F6EBD21192E9E00A0A2BA /* CreateClassViewController.swift in Sources */,
				C02F6EC321192E9E00A0A2BA /* FirstViewController.swift in Sources */,
				0C0EAE1B211AD5970059B51E /* StudentExamQueryScore.swift in Sources */,
				C02F6EC621192E9E00A0A2BA /* ExamSubjectTVC.swift in Sources */,
				EA54094C21203FF600FD4F7E /* StudentSingleExamChartTableViewController.swift in Sources */,
			);
			runOnlyForDeploymentPostprocessing = 0;
		};
/* End PBXSourcesBuildPhase section */

/* Begin PBXVariantGroup section */
        24BC57B620FD83DE00002DB0 /* Main.storyboard */ = {
            isa = PBXVariantGroup;
            children = (
                24BC57B720FD83DE00002DB0 /* Base */,
            );
            name = Main.storyboard;
            sourceTree = "<group>";
        };
        24BC57BB20FD83E100002DB0 /* LaunchScreen.storyboard */ = {
            isa = PBXVariantGroup;
            children = (
                24BC57BC20FD83E100002DB0 /* Base */,
            );
            name = LaunchScreen.storyboard;
            sourceTree = "<group>";
        };
/* End PBXVariantGroup section */

/* Begin XCBuildConfiguration section */
        24BC57BF20FD83E100002DB0 /* Debug */ = {
            isa = XCBuildConfiguration;
            buildSettings = {
                ALWAYS_SEARCH_USER_PATHS = NO;
                CLANG_ANALYZER_NONNULL = YES;
                CLANG_ANALYZER_NUMBER_OBJECT_CONVERSION = YES_AGGRESSIVE;
                CLANG_CXX_LANGUAGE_STANDARD = "gnu++14";
                CLANG_CXX_LIBRARY = "libc++";
                CLANG_ENABLE_MODULES = YES;
                CLANG_ENABLE_OBJC_ARC = YES;
                CLANG_ENABLE_OBJC_WEAK = YES;
                CLANG_WARN_BLOCK_CAPTURE_AUTORELEASING = YES;
                CLANG_WARN_BOOL_CONVERSION = YES;
                CLANG_WARN_COMMA = YES;
                CLANG_WARN_CONSTANT_CONVERSION = YES;
                CLANG_WARN_DEPRECATED_OBJC_IMPLEMENTATIONS = YES;
                CLANG_WARN_DIRECT_OBJC_ISA_USAGE = YES_ERROR;
                CLANG_WARN_DOCUMENTATION_COMMENTS = YES;
                CLANG_WARN_EMPTY_BODY = YES;
                CLANG_WARN_ENUM_CONVERSION = YES;
                CLANG_WARN_INFINITE_RECURSION = YES;
                CLANG_WARN_INT_CONVERSION = YES;
                CLANG_WARN_NON_LITERAL_NULL_CONVERSION = YES;
                CLANG_WARN_OBJC_IMPLICIT_RETAIN_SELF = YES;
                CLANG_WARN_OBJC_LITERAL_CONVERSION = YES;
                CLANG_WARN_OBJC_ROOT_CLASS = YES_ERROR;
                CLANG_WARN_RANGE_LOOP_ANALYSIS = YES;
                CLANG_WARN_STRICT_PROTOTYPES = YES;
                CLANG_WARN_SUSPICIOUS_MOVE = YES;
                CLANG_WARN_UNGUARDED_AVAILABILITY = YES_AGGRESSIVE;
                CLANG_WARN_UNREACHABLE_CODE = YES;
                CLANG_WARN__DUPLICATE_METHOD_MATCH = YES;
                CODE_SIGN_IDENTITY = "iPhone Developer";
                COPY_PHASE_STRIP = NO;
                DEBUG_INFORMATION_FORMAT = dwarf;
                ENABLE_STRICT_OBJC_MSGSEND = YES;
                ENABLE_TESTABILITY = YES;
                GCC_C_LANGUAGE_STANDARD = gnu11;
                GCC_DYNAMIC_NO_PIC = NO;
                GCC_NO_COMMON_BLOCKS = YES;
                GCC_OPTIMIZATION_LEVEL = 0;
                GCC_PREPROCESSOR_DEFINITIONS = (
                    "DEBUG=1",
                    "$(inherited)",
                );
                GCC_WARN_64_TO_32_BIT_CONVERSION = YES;
                GCC_WARN_ABOUT_RETURN_TYPE = YES_ERROR;
                GCC_WARN_UNDECLARED_SELECTOR = YES;
                GCC_WARN_UNINITIALIZED_AUTOS = YES_AGGRESSIVE;
                GCC_WARN_UNUSED_FUNCTION = YES;
                GCC_WARN_UNUSED_VARIABLE = YES;
                IPHONEOS_DEPLOYMENT_TARGET = 11.0;
                MTL_ENABLE_DEBUG_INFO = YES;
                ONLY_ACTIVE_ARCH = YES;
                SDKROOT = iphoneos;
                SWIFT_ACTIVE_COMPILATION_CONDITIONS = DEBUG;
                SWIFT_OPTIMIZATION_LEVEL = "-Onone";
            };
            name = Debug;
        };
        24BC57C020FD83E100002DB0 /* Release */ = {
            isa = XCBuildConfiguration;
            buildSettings = {
                ALWAYS_SEARCH_USER_PATHS = NO;
                CLANG_ANALYZER_NONNULL = YES;
                CLANG_ANALYZER_NUMBER_OBJECT_CONVERSION = YES_AGGRESSIVE;
                CLANG_CXX_LANGUAGE_STANDARD = "gnu++14";
                CLANG_CXX_LIBRARY = "libc++";
                CLANG_ENABLE_MODULES = YES;
                CLANG_ENABLE_OBJC_ARC = YES;
                CLANG_ENABLE_OBJC_WEAK = YES;
                CLANG_WARN_BLOCK_CAPTURE_AUTORELEASING = YES;
                CLANG_WARN_BOOL_CONVERSION = YES;
                CLANG_WARN_COMMA = YES;
                CLANG_WARN_CONSTANT_CONVERSION = YES;
                CLANG_WARN_DEPRECATED_OBJC_IMPLEMENTATIONS = YES;
                CLANG_WARN_DIRECT_OBJC_ISA_USAGE = YES_ERROR;
                CLANG_WARN_DOCUMENTATION_COMMENTS = YES;
                CLANG_WARN_EMPTY_BODY = YES;
                CLANG_WARN_ENUM_CONVERSION = YES;
                CLANG_WARN_INFINITE_RECURSION = YES;
                CLANG_WARN_INT_CONVERSION = YES;
                CLANG_WARN_NON_LITERAL_NULL_CONVERSION = YES;
                CLANG_WARN_OBJC_IMPLICIT_RETAIN_SELF = YES;
                CLANG_WARN_OBJC_LITERAL_CONVERSION = YES;
                CLANG_WARN_OBJC_ROOT_CLASS = YES_ERROR;
                CLANG_WARN_RANGE_LOOP_ANALYSIS = YES;
                CLANG_WARN_STRICT_PROTOTYPES = YES;
                CLANG_WARN_SUSPICIOUS_MOVE = YES;
                CLANG_WARN_UNGUARDED_AVAILABILITY = YES_AGGRESSIVE;
                CLANG_WARN_UNREACHABLE_CODE = YES;
                CLANG_WARN__DUPLICATE_METHOD_MATCH = YES;
                CODE_SIGN_IDENTITY = "iPhone Developer";
                COPY_PHASE_STRIP = NO;
                DEBUG_INFORMATION_FORMAT = "dwarf-with-dsym";
                ENABLE_NS_ASSERTIONS = NO;
                ENABLE_STRICT_OBJC_MSGSEND = YES;
                GCC_C_LANGUAGE_STANDARD = gnu11;
                GCC_NO_COMMON_BLOCKS = YES;
                GCC_WARN_64_TO_32_BIT_CONVERSION = YES;
                GCC_WARN_ABOUT_RETURN_TYPE = YES_ERROR;
                GCC_WARN_UNDECLARED_SELECTOR = YES;
                GCC_WARN_UNINITIALIZED_AUTOS = YES_AGGRESSIVE;
                GCC_WARN_UNUSED_FUNCTION = YES;
                GCC_WARN_UNUSED_VARIABLE = YES;
                IPHONEOS_DEPLOYMENT_TARGET = 11.0;
                MTL_ENABLE_DEBUG_INFO = NO;
                SDKROOT = iphoneos;
                SWIFT_COMPILATION_MODE = wholemodule;
                SWIFT_OPTIMIZATION_LEVEL = "-O";
                VALIDATE_PRODUCT = YES;
            };
            name = Release;
        };
        24BC57C220FD83E100002DB0 /* Debug */ = {
            isa = XCBuildConfiguration;
            baseConfigurationReference = 9F62F00E7848F86CAF2667AF /* Pods-ProjectCP101005Swift.debug.xcconfig */;
            buildSettings = {
                ASSETCATALOG_COMPILER_APPICON_NAME = AppIcon;
                CLANG_ENABLE_MODULES = YES;
                CODE_SIGN_STYLE = Automatic;
                DEVELOPMENT_TEAM = KX5BG73689;
                INFOPLIST_FILE = ProjectCP101005Swift/Info.plist;
                LD_RUNPATH_SEARCH_PATHS = (
                    "$(inherited)",
                    "@executable_path/Frameworks",
                );
                PRODUCT_BUNDLE_IDENTIFIER = com.vinson.ProjectCP101005Swift;
                PRODUCT_NAME = "$(TARGET_NAME)";
                SWIFT_OBJC_BRIDGING_HEADER = "ProjectCP101005Swift/ProjectCP101005Swift-Bridging-Header.h";
                SWIFT_OPTIMIZATION_LEVEL = "-Onone";
                SWIFT_VERSION = 4.0;
                TARGETED_DEVICE_FAMILY = "1,2";
            };
            name = Debug;
        };
        24BC57C320FD83E100002DB0 /* Release */ = {
            isa = XCBuildConfiguration;
            baseConfigurationReference = 78F80C8E07714162F375169D /* Pods-ProjectCP101005Swift.release.xcconfig */;
            buildSettings = {
                ASSETCATALOG_COMPILER_APPICON_NAME = AppIcon;
                CLANG_ENABLE_MODULES = YES;
                CODE_SIGN_STYLE = Automatic;
                DEVELOPMENT_TEAM = KX5BG73689;
                INFOPLIST_FILE = ProjectCP101005Swift/Info.plist;
                LD_RUNPATH_SEARCH_PATHS = (
                    "$(inherited)",
                    "@executable_path/Frameworks",
                );
                PRODUCT_BUNDLE_IDENTIFIER = com.vinson.ProjectCP101005Swift;
                PRODUCT_NAME = "$(TARGET_NAME)";
                SWIFT_OBJC_BRIDGING_HEADER = "ProjectCP101005Swift/ProjectCP101005Swift-Bridging-Header.h";
                SWIFT_VERSION = 4.0;
                TARGETED_DEVICE_FAMILY = "1,2";
            };
            name = Release;
        };
/* End XCBuildConfiguration section */

/* Begin XCConfigurationList section */
        24BC57AA20FD83DE00002DB0 /* Build configuration list for PBXProject "ProjectCP101005Swift" */ = {
            isa = XCConfigurationList;
            buildConfigurations = (
                24BC57BF20FD83E100002DB0 /* Debug */,
                24BC57C020FD83E100002DB0 /* Release */,
            );
            defaultConfigurationIsVisible = 0;
            defaultConfigurationName = Release;
        };
        24BC57C120FD83E100002DB0 /* Build configuration list for PBXNativeTarget "ProjectCP101005Swift" */ = {
            isa = XCConfigurationList;
            buildConfigurations = (
                24BC57C220FD83E100002DB0 /* Debug */,
                24BC57C320FD83E100002DB0 /* Release */,
            );
            defaultConfigurationIsVisible = 0;
            defaultConfigurationName = Release;
        };
/* End XCConfigurationList section */
    };
    rootObject = 24BC57A720FD83DE00002DB0 /* Project object */;
}
